{
  "version": 4,
  "terraform_version": "1.10.0",
  "serial": 4,
  "lineage": "436488a5-8b3f-0f84-db78-d395482dee8b",
  "outputs": {},
  "resources": [
    {
      "mode": "managed",
      "type": "launchdarkly_access_token",
      "name": "fixture",
      "provider": "provider[\"registry.terraform.io/launchdarkly/launchdarkly\"]",
      "instances": [
        {
          "schema_version": 0,
          "attributes": {
            "custom_roles": [
              "fixture-role-a",
              "fixture-role-b"
            ],
            "default_api_version": 20240415,
            "expire": null,
            "id": "6a04762e951a5e0a943fd945",
            "inline_roles": [],
            "name": "fixture-access-token-custom-roles",
            "policy_statements": [],
            "role": null,
            "service_token": false,
            "token": "FIXTURE_REDACTED_TOKEN"
          },
          "sensitive_attributes": [
            [
              {
                "type": "get_attr",
                "value": "token"
              }
            ]
          ],
          "private": "bnVsbA==",
          "dependencies": [
            "launchdarkly_custom_role.fixture_role",
            "launchdarkly_custom_role.fixture_role_b"
          ]
        }
      ]
    },
    {
      "mode": "managed",
      "type": "launchdarkly_custom_role",
      "name": "fixture_role",
      "provider": "provider[\"registry.terraform.io/launchdarkly/launchdarkly\"]",
      "instances": [
        {
          "schema_version": 0,
          "attributes": {
            "base_permissions": "no_access",
            "description": "fixture role A",
            "id": "fixture-role-a",
            "key": "fixture-role-a",
            "name": "fixture-role-a",
            "policy": [],
            "policy_statements": [
              {
                "actions": [
                  "*"
                ],
                "effect": "allow",
                "not_actions": null,
                "not_resources": null,
                "resources": [
                  "proj/*"
                ]
              }
            ]
          },
          "sensitive_attributes": [],
          "private": "bnVsbA=="
        }
      ]
    },
    {
      "mode": "managed",
      "type": "launchdarkly_custom_role",
      "name": "fixture_role_b",
      "provider": "provider[\"registry.terraform.io/launchdarkly/launchdarkly\"]",
      "instances": [
        {
          "schema_version": 0,
          "attributes": {
            "base_permissions": "no_access",
            "description": "fixture role B",
            "id": "fixture-role-b",
            "key": "fixture-role-b",
            "name": "fixture-role-b",
            "policy": [],
            "policy_statements": [
              {
                "actions": [
                  "*"
                ],
                "effect": "allow",
                "not_actions": null,
                "not_resources": null,
                "resources": [
                  "proj/*"
                ]
              }
            ]
          },
          "sensitive_attributes": [],
          "private": "bnVsbA=="
        }
      ]
    }
  ],
  "check_results": null
}
