{
  "version": 4,
  "terraform_version": "1.10.0",
  "serial": 1,
  "lineage": "8d790f7f-1b7b-9f9b-8d62-6d61ec101522",
  "outputs": {},
  "resources": [
    {
      "mode": "managed",
      "type": "launchdarkly_access_token",
      "name": "fixture",
      "provider": "provider[\"registry.terraform.io/launchdarkly/launchdarkly\"]",
      "instances": [
        {
          "schema_version": 0,
          "attributes": {
            "custom_roles": null,
            "default_api_version": 20240415,
            "expire": null,
            "id": "6a047601dbaca20ba2f1e866",
            "inline_roles": [],
            "name": "fixture-access-token-basic",
            "policy_statements": [],
            "role": "reader",
            "service_token": false,
            "token": "FIXTURE_REDACTED_TOKEN"
          },
          "sensitive_attributes": [
            [
              {
                "type": "get_attr",
                "value": "token"
              }
            ]
          ],
          "private": "bnVsbA=="
        }
      ]
    }
  ],
  "check_results": null
}
