{
  "version": 4,
  "terraform_version": "1.10.0",
  "serial": 3,
  "lineage": "4c52e7c0-8584-5cfe-4ac5-3d6b75686678",
  "outputs": {},
  "resources": [
    {
      "mode": "managed",
      "type": "launchdarkly_ai_tool",
      "name": "fixture",
      "provider": "provider[\"registry.terraform.io/launchdarkly/launchdarkly\"]",
      "instances": [
        {
          "schema_version": 0,
          "attributes": {
            "creation_date": 1778677799787,
            "custom_parameters": "{}",
            "description": "fixture ai tool",
            "id": "fixture-project-1/fixture-ai-tool-basic",
            "key": "fixture-ai-tool-basic",
            "maintainer_id": "",
            "maintainer_team_key": "",
            "project_key": "fixture-project-1",
            "schema_json": "{\"properties\":{\"query\":{\"type\":\"string\"}},\"required\":[\"query\"],\"type\":\"object\"}",
            "version": 1
          },
          "sensitive_attributes": [],
          "private": "bnVsbA==",
          "dependencies": [
            "launchdarkly_project.fixture"
          ]
        }
      ]
    },
    {
      "mode": "managed",
      "type": "launchdarkly_project",
      "name": "fixture",
      "provider": "provider[\"registry.terraform.io/launchdarkly/launchdarkly\"]",
      "instances": [
        {
          "schema_version": 0,
          "attributes": {
            "default_client_side_availability": [
              {
                "using_environment_id": false,
                "using_mobile_key": true
              }
            ],
            "environments": [
              {
                "api_key": "sdk-6b9e93cf-09c8-45b9-8d70-fa567bb403eb",
                "approval_settings": [
                  {
                    "auto_apply_approved_changes": false,
                    "can_apply_declined_changes": true,
                    "can_review_own_request": false,
                    "min_num_approvals": 1,
                    "required": false,
                    "required_approval_tags": [],
                    "service_config": {},
                    "service_kind": "launchdarkly"
                  }
                ],
                "client_side_id": "6a0478267812410ab03f0372",
                "color": "AABBCC",
                "confirm_changes": false,
                "critical": false,
                "default_track_events": false,
                "default_ttl": 0,
                "key": "fixture-env-test",
                "mobile_key": "mob-ddd1bf25-e5de-4600-bc3f-ed8716bbc651",
                "name": "fixture-env-test",
                "require_comments": false,
                "secure_mode": false,
                "tags": null
              }
            ],
            "id": "fixture-project-1",
            "include_in_snippet": false,
            "key": "fixture-project-1",
            "name": "fixture-project-1",
            "require_view_association_for_new_flags": false,
            "require_view_association_for_new_segments": false,
            "tags": null
          },
          "sensitive_attributes": [
            [
              {
                "type": "get_attr",
                "value": "environments"
              },
              {
                "type": "index",
                "value": {
                  "value": 0,
                  "type": "number"
                }
              },
              {
                "type": "get_attr",
                "value": "mobile_key"
              }
            ],
            [
              {
                "type": "get_attr",
                "value": "environments"
              },
              {
                "type": "index",
                "value": {
                  "value": 0,
                  "type": "number"
                }
              },
              {
                "type": "get_attr",
                "value": "client_side_id"
              }
            ],
            [
              {
                "type": "get_attr",
                "value": "environments"
              },
              {
                "type": "index",
                "value": {
                  "value": 0,
                  "type": "number"
                }
              },
              {
                "type": "get_attr",
                "value": "api_key"
              }
            ]
          ],
          "private": "bnVsbA=="
        }
      ]
    }
  ],
  "check_results": null
}
