{
  "version": 4,
  "terraform_version": "1.10.0",
  "serial": 1,
  "lineage": "3d4f1fb5-ee6c-f6a3-a779-52dc17c71f98",
  "outputs": {},
  "resources": [
    {
      "mode": "managed",
      "type": "launchdarkly_custom_role",
      "name": "fixture",
      "provider": "provider[\"registry.terraform.io/launchdarkly/launchdarkly\"]",
      "instances": [
        {
          "schema_version": 0,
          "attributes": {
            "base_permissions": "no_access",
            "description": "fixture custom role basic",
            "id": "fixture-custom-role-basic",
            "key": "fixture-custom-role-basic",
            "name": "fixture-custom-role-basic",
            "policy": [],
            "policy_statements": [
              {
                "actions": [
                  "createProject",
                  "deleteProject"
                ],
                "effect": "allow",
                "not_actions": null,
                "not_resources": null,
                "resources": [
                  "proj/*"
                ]
              }
            ]
          },
          "sensitive_attributes": [],
          "private": "bnVsbA=="
        }
      ]
    }
  ],
  "check_results": null
}
