{
  "version": 4,
  "terraform_version": "1.10.0",
  "serial": 3,
  "lineage": "0852c3a7-2aa1-27b3-737c-7356dd7e8c29",
  "outputs": {},
  "resources": [
    {
      "mode": "managed",
      "type": "launchdarkly_feature_flag",
      "name": "defaults_flag",
      "provider": "provider[\"registry.terraform.io/launchdarkly/launchdarkly\"]",
      "instances": [
        {
          "schema_version": 0,
          "attributes": {
            "archived": false,
            "client_side_availability": [],
            "custom_properties": [],
            "defaults": [
              {
                "off_variation": 2,
                "on_variation": 1
              }
            ],
            "deprecated": false,
            "description": null,
            "id": "fixture-ff-defaults-pj/fixture-defaults-flag",
            "include_in_snippet": false,
            "key": "fixture-defaults-flag",
            "maintainer_id": "000000000000000000000000",
            "maintainer_team_key": null,
            "name": "Phase 4 defaults flag fixture",
            "project_key": "fixture-ff-defaults-pj",
            "tags": [],
            "temporary": false,
            "variation_type": "string",
            "variations": [
              {
                "description": null,
                "name": null,
                "value": "alpha"
              },
              {
                "description": null,
                "name": null,
                "value": "beta"
              },
              {
                "description": null,
                "name": null,
                "value": "gamma"
              }
            ],
            "view_keys": []
          },
          "sensitive_attributes": [],
          "dependencies": [
            "launchdarkly_project.test"
          ]
        }
      ]
    },
    {
      "mode": "managed",
      "type": "launchdarkly_project",
      "name": "test",
      "provider": "provider[\"registry.terraform.io/launchdarkly/launchdarkly\"]",
      "instances": [
        {
          "schema_version": 0,
          "attributes": {
            "default_client_side_availability": [],
            "environments": [
              {
                "api_key": "sdk-94f0ffee-489b-41be-8919-f2701775a8c1",
                "approval_settings": [],
                "client_side_id": "6a05b4b36197e00a8ef00664",
                "color": "112233",
                "confirm_changes": false,
                "critical": false,
                "default_track_events": false,
                "default_ttl": 0,
                "key": "fixture-env-test",
                "mobile_key": "mob-ca0d68c7-4f94-4b57-b8d0-ec4cd6492d0c",
                "name": "Fixture test env",
                "require_comments": false,
                "secure_mode": false,
                "tags": null
              }
            ],
            "id": "fixture-ff-defaults-pj",
            "include_in_snippet": false,
            "key": "fixture-ff-defaults-pj",
            "name": "Phase 4 ff defaults project",
            "require_view_association_for_new_flags": false,
            "require_view_association_for_new_segments": false,
            "tags": null
          },
          "sensitive_attributes": [
            [
              {
                "type": "get_attr",
                "value": "environments"
              },
              {
                "type": "index",
                "value": {
                  "value": 0,
                  "type": "number"
                }
              },
              {
                "type": "get_attr",
                "value": "api_key"
              }
            ],
            [
              {
                "type": "get_attr",
                "value": "environments"
              },
              {
                "type": "index",
                "value": {
                  "value": 0,
                  "type": "number"
                }
              },
              {
                "type": "get_attr",
                "value": "client_side_id"
              }
            ],
            [
              {
                "type": "get_attr",
                "value": "environments"
              },
              {
                "type": "index",
                "value": {
                  "value": 0,
                  "type": "number"
                }
              },
              {
                "type": "get_attr",
                "value": "mobile_key"
              }
            ]
          ]
        }
      ]
    }
  ],
  "check_results": null
}
