{
  "version": 4,
  "terraform_version": "1.10.0",
  "serial": 3,
  "lineage": "05c6cdcd-6a7d-9fd5-49e2-9e86015d6588",
  "outputs": {},
  "resources": [
    {
      "mode": "managed",
      "type": "launchdarkly_feature_flag",
      "name": "bool_flag",
      "provider": "provider[\"registry.terraform.io/launchdarkly/launchdarkly\"]",
      "instances": [
        {
          "schema_version": 0,
          "attributes": {
            "archived": false,
            "client_side_availability": [],
            "custom_properties": [],
            "defaults": [],
            "deprecated": false,
            "description": null,
            "id": "fixture-ff-bool-pj/fixture-bool-flag",
            "include_in_snippet": false,
            "key": "fixture-bool-flag",
            "maintainer_id": "000000000000000000000000",
            "maintainer_team_key": null,
            "name": "Phase 4 boolean flag fixture",
            "project_key": "fixture-ff-bool-pj",
            "tags": [],
            "temporary": false,
            "variation_type": "boolean",
            "variations": [
              {
                "description": null,
                "name": "On",
                "value": "true"
              },
              {
                "description": null,
                "name": "Off",
                "value": "false"
              }
            ],
            "view_keys": []
          },
          "sensitive_attributes": [],
          "dependencies": [
            "launchdarkly_project.test"
          ]
        }
      ]
    },
    {
      "mode": "managed",
      "type": "launchdarkly_project",
      "name": "test",
      "provider": "provider[\"registry.terraform.io/launchdarkly/launchdarkly\"]",
      "instances": [
        {
          "schema_version": 0,
          "attributes": {
            "default_client_side_availability": [],
            "environments": [
              {
                "api_key": "sdk-615b2822-d91b-4886-8d4c-e289f2f257be",
                "approval_settings": [],
                "client_side_id": "6a05b467287aa50aa7c65b60",
                "color": "112233",
                "confirm_changes": false,
                "critical": false,
                "default_track_events": false,
                "default_ttl": 0,
                "key": "fixture-env-test",
                "mobile_key": "mob-3b3e8eb2-71e8-4467-a2ef-c04d2139e696",
                "name": "Fixture test env",
                "require_comments": false,
                "secure_mode": false,
                "tags": null
              }
            ],
            "id": "fixture-ff-bool-pj",
            "include_in_snippet": false,
            "key": "fixture-ff-bool-pj",
            "name": "Phase 4 ff bool project",
            "require_view_association_for_new_flags": false,
            "require_view_association_for_new_segments": false,
            "tags": null
          },
          "sensitive_attributes": [
            [
              {
                "type": "get_attr",
                "value": "environments"
              },
              {
                "type": "index",
                "value": {
                  "value": 0,
                  "type": "number"
                }
              },
              {
                "type": "get_attr",
                "value": "mobile_key"
              }
            ],
            [
              {
                "type": "get_attr",
                "value": "environments"
              },
              {
                "type": "index",
                "value": {
                  "value": 0,
                  "type": "number"
                }
              },
              {
                "type": "get_attr",
                "value": "client_side_id"
              }
            ],
            [
              {
                "type": "get_attr",
                "value": "environments"
              },
              {
                "type": "index",
                "value": {
                  "value": 0,
                  "type": "number"
                }
              },
              {
                "type": "get_attr",
                "value": "api_key"
              }
            ]
          ]
        }
      ]
    }
  ],
  "check_results": null
}
