{
  "version": 4,
  "terraform_version": "1.10.0",
  "serial": 3,
  "lineage": "a82ccba8-7194-498a-8e7e-2b6c63daf90c",
  "outputs": {},
  "resources": [
    {
      "mode": "managed",
      "type": "launchdarkly_feature_flag",
      "name": "cp_flag",
      "provider": "provider[\"registry.terraform.io/launchdarkly/launchdarkly\"]",
      "instances": [
        {
          "schema_version": 0,
          "attributes": {
            "archived": false,
            "client_side_availability": [],
            "custom_properties": [
              {
                "key": "fixture-team",
                "name": "Team",
                "value": [
                  "platform"
                ]
              },
              {
                "key": "fixture-ticket",
                "name": "Ticket",
                "value": [
                  "JIRA-100",
                  "JIRA-200"
                ]
              }
            ],
            "defaults": [],
            "deprecated": false,
            "description": null,
            "id": "fixture-ff-cp-pj/fixture-cp-flag",
            "include_in_snippet": false,
            "key": "fixture-cp-flag",
            "maintainer_id": "000000000000000000000000",
            "maintainer_team_key": null,
            "name": "Phase 4 custom-props flag fixture",
            "project_key": "fixture-ff-cp-pj",
            "tags": [],
            "temporary": false,
            "variation_type": "boolean",
            "variations": [
              {
                "description": null,
                "name": null,
                "value": "true"
              },
              {
                "description": null,
                "name": null,
                "value": "false"
              }
            ],
            "view_keys": []
          },
          "sensitive_attributes": [],
          "dependencies": [
            "launchdarkly_project.test"
          ]
        }
      ]
    },
    {
      "mode": "managed",
      "type": "launchdarkly_project",
      "name": "test",
      "provider": "provider[\"registry.terraform.io/launchdarkly/launchdarkly\"]",
      "instances": [
        {
          "schema_version": 0,
          "attributes": {
            "default_client_side_availability": [],
            "environments": [
              {
                "api_key": "sdk-eccc4db6-618f-42da-93aa-226dfeb7224b",
                "approval_settings": [],
                "client_side_id": "6a05b492c00aa40a7af73a69",
                "color": "112233",
                "confirm_changes": false,
                "critical": false,
                "default_track_events": false,
                "default_ttl": 0,
                "key": "fixture-env-test",
                "mobile_key": "mob-d726281b-c2fd-4ad4-99f1-668028c82b30",
                "name": "Fixture test env",
                "require_comments": false,
                "secure_mode": false,
                "tags": null
              }
            ],
            "id": "fixture-ff-cp-pj",
            "include_in_snippet": false,
            "key": "fixture-ff-cp-pj",
            "name": "Phase 4 ff custom-props project",
            "require_view_association_for_new_flags": false,
            "require_view_association_for_new_segments": false,
            "tags": null
          },
          "sensitive_attributes": [
            [
              {
                "type": "get_attr",
                "value": "environments"
              },
              {
                "type": "index",
                "value": {
                  "value": 0,
                  "type": "number"
                }
              },
              {
                "type": "get_attr",
                "value": "mobile_key"
              }
            ],
            [
              {
                "type": "get_attr",
                "value": "environments"
              },
              {
                "type": "index",
                "value": {
                  "value": 0,
                  "type": "number"
                }
              },
              {
                "type": "get_attr",
                "value": "client_side_id"
              }
            ],
            [
              {
                "type": "get_attr",
                "value": "environments"
              },
              {
                "type": "index",
                "value": {
                  "value": 0,
                  "type": "number"
                }
              },
              {
                "type": "get_attr",
                "value": "api_key"
              }
            ]
          ]
        }
      ]
    }
  ],
  "check_results": null
}
