{
  "version": 4,
  "terraform_version": "1.10.0",
  "serial": 4,
  "lineage": "62703f99-8c2b-d0ea-c656-d36a7183a9f5",
  "outputs": {},
  "resources": [
    {
      "mode": "managed",
      "type": "launchdarkly_feature_flag",
      "name": "flag",
      "provider": "provider[\"registry.terraform.io/launchdarkly/launchdarkly\"]",
      "instances": [
        {
          "schema_version": 0,
          "attributes": {
            "archived": false,
            "client_side_availability": [],
            "custom_properties": [],
            "defaults": [],
            "deprecated": false,
            "description": null,
            "id": "fixture-ffe-targets-pj/fixture-targets-flag",
            "include_in_snippet": false,
            "key": "fixture-targets-flag",
            "maintainer_id": "000000000000000000000000",
            "maintainer_team_key": null,
            "name": "Phase 4 FFE targets flag fixture",
            "project_key": "fixture-ffe-targets-pj",
            "tags": [],
            "temporary": false,
            "variation_type": "boolean",
            "variations": [
              {
                "description": null,
                "name": null,
                "value": "true"
              },
              {
                "description": null,
                "name": null,
                "value": "false"
              }
            ],
            "view_keys": []
          },
          "sensitive_attributes": [],
          "dependencies": [
            "launchdarkly_project.test"
          ]
        }
      ]
    },
    {
      "mode": "managed",
      "type": "launchdarkly_feature_flag_environment",
      "name": "targets",
      "provider": "provider[\"registry.terraform.io/launchdarkly/launchdarkly\"]",
      "instances": [
        {
          "schema_version": 0,
          "attributes": {
            "context_targets": [],
            "env_key": "fixture-env-test",
            "fallthrough": [
              {
                "bucket_by": null,
                "context_kind": "user",
                "rollout_weights": null,
                "variation": 1
              }
            ],
            "flag_id": "fixture-ffe-targets-pj/fixture-targets-flag",
            "id": "fixture-ffe-targets-pj/fixture-env-test/fixture-targets-flag",
            "off_variation": 1,
            "on": true,
            "prerequisites": [],
            "rules": [],
            "targets": [
              {
                "values": [
                  "fixture-user-1",
                  "fixture-user-2"
                ],
                "variation": 0
              },
              {
                "values": [
                  "fixture-user-9"
                ],
                "variation": 1
              }
            ],
            "track_events": false
          },
          "sensitive_attributes": [],
          "dependencies": [
            "launchdarkly_feature_flag.flag",
            "launchdarkly_project.test"
          ]
        }
      ]
    },
    {
      "mode": "managed",
      "type": "launchdarkly_project",
      "name": "test",
      "provider": "provider[\"registry.terraform.io/launchdarkly/launchdarkly\"]",
      "instances": [
        {
          "schema_version": 0,
          "attributes": {
            "default_client_side_availability": [],
            "environments": [
              {
                "api_key": "sdk-a8ad743b-d6b7-4f72-a09c-5513bd6d711e",
                "approval_settings": [],
                "client_side_id": "6a05b504c00aa40a7af740ca",
                "color": "112233",
                "confirm_changes": false,
                "critical": false,
                "default_track_events": false,
                "default_ttl": 0,
                "key": "fixture-env-test",
                "mobile_key": "mob-1e2fdaf1-df8a-4866-8338-15f984e7d089",
                "name": "Fixture test env",
                "require_comments": false,
                "secure_mode": false,
                "tags": null
              }
            ],
            "id": "fixture-ffe-targets-pj",
            "include_in_snippet": false,
            "key": "fixture-ffe-targets-pj",
            "name": "Phase 4 FFE targets project",
            "require_view_association_for_new_flags": false,
            "require_view_association_for_new_segments": false,
            "tags": null
          },
          "sensitive_attributes": [
            [
              {
                "type": "get_attr",
                "value": "environments"
              },
              {
                "type": "index",
                "value": {
                  "value": 0,
                  "type": "number"
                }
              },
              {
                "type": "get_attr",
                "value": "client_side_id"
              }
            ],
            [
              {
                "type": "get_attr",
                "value": "environments"
              },
              {
                "type": "index",
                "value": {
                  "value": 0,
                  "type": "number"
                }
              },
              {
                "type": "get_attr",
                "value": "mobile_key"
              }
            ],
            [
              {
                "type": "get_attr",
                "value": "environments"
              },
              {
                "type": "index",
                "value": {
                  "value": 0,
                  "type": "number"
                }
              },
              {
                "type": "get_attr",
                "value": "api_key"
              }
            ]
          ]
        }
      ]
    }
  ],
  "check_results": null
}
