{
  "version": 4,
  "terraform_version": "1.10.0",
  "serial": 4,
  "lineage": "e1e44e1a-430f-1387-4bb2-ae31eb6fbab3",
  "outputs": {},
  "resources": [
    {
      "mode": "managed",
      "type": "launchdarkly_feature_flag",
      "name": "flag",
      "provider": "provider[\"registry.terraform.io/launchdarkly/launchdarkly\"]",
      "instances": [
        {
          "schema_version": 0,
          "attributes": {
            "archived": false,
            "client_side_availability": [],
            "custom_properties": [],
            "defaults": [],
            "deprecated": false,
            "description": null,
            "id": "fixture-ffe-ctxtgt-pj/fixture-ctxtgt-flag",
            "include_in_snippet": false,
            "key": "fixture-ctxtgt-flag",
            "maintainer_id": "000000000000000000000000",
            "maintainer_team_key": null,
            "name": "Phase 4 FFE ctx-targets flag fixture",
            "project_key": "fixture-ffe-ctxtgt-pj",
            "tags": [],
            "temporary": false,
            "variation_type": "boolean",
            "variations": [
              {
                "description": null,
                "name": null,
                "value": "true"
              },
              {
                "description": null,
                "name": null,
                "value": "false"
              }
            ],
            "view_keys": []
          },
          "sensitive_attributes": [],
          "dependencies": [
            "launchdarkly_project.test"
          ]
        }
      ]
    },
    {
      "mode": "managed",
      "type": "launchdarkly_feature_flag_environment",
      "name": "ctx_targets",
      "provider": "provider[\"registry.terraform.io/launchdarkly/launchdarkly\"]",
      "instances": [
        {
          "schema_version": 0,
          "attributes": {
            "context_targets": [
              {
                "context_kind": "organization",
                "values": [
                  "acme",
                  "globex"
                ],
                "variation": 0
              }
            ],
            "env_key": "fixture-env-test",
            "fallthrough": [
              {
                "bucket_by": null,
                "context_kind": "user",
                "rollout_weights": null,
                "variation": 1
              }
            ],
            "flag_id": "fixture-ffe-ctxtgt-pj/fixture-ctxtgt-flag",
            "id": "fixture-ffe-ctxtgt-pj/fixture-env-test/fixture-ctxtgt-flag",
            "off_variation": 1,
            "on": true,
            "prerequisites": [],
            "rules": [],
            "targets": [],
            "track_events": false
          },
          "sensitive_attributes": [],
          "dependencies": [
            "launchdarkly_feature_flag.flag",
            "launchdarkly_project.test"
          ]
        }
      ]
    },
    {
      "mode": "managed",
      "type": "launchdarkly_project",
      "name": "test",
      "provider": "provider[\"registry.terraform.io/launchdarkly/launchdarkly\"]",
      "instances": [
        {
          "schema_version": 0,
          "attributes": {
            "default_client_side_availability": [],
            "environments": [
              {
                "api_key": "sdk-9f29bd1c-2d79-4176-bb96-58ba64e46e69",
                "approval_settings": [],
                "client_side_id": "6a05b511964d1a0a92a786f3",
                "color": "112233",
                "confirm_changes": false,
                "critical": false,
                "default_track_events": false,
                "default_ttl": 0,
                "key": "fixture-env-test",
                "mobile_key": "mob-e2da815a-14af-4251-b896-79568ca8437e",
                "name": "Fixture test env",
                "require_comments": false,
                "secure_mode": false,
                "tags": null
              }
            ],
            "id": "fixture-ffe-ctxtgt-pj",
            "include_in_snippet": false,
            "key": "fixture-ffe-ctxtgt-pj",
            "name": "Phase 4 FFE ctx-targets project",
            "require_view_association_for_new_flags": false,
            "require_view_association_for_new_segments": false,
            "tags": null
          },
          "sensitive_attributes": [
            [
              {
                "type": "get_attr",
                "value": "environments"
              },
              {
                "type": "index",
                "value": {
                  "value": 0,
                  "type": "number"
                }
              },
              {
                "type": "get_attr",
                "value": "client_side_id"
              }
            ],
            [
              {
                "type": "get_attr",
                "value": "environments"
              },
              {
                "type": "index",
                "value": {
                  "value": 0,
                  "type": "number"
                }
              },
              {
                "type": "get_attr",
                "value": "mobile_key"
              }
            ],
            [
              {
                "type": "get_attr",
                "value": "environments"
              },
              {
                "type": "index",
                "value": {
                  "value": 0,
                  "type": "number"
                }
              },
              {
                "type": "get_attr",
                "value": "api_key"
              }
            ]
          ]
        }
      ]
    }
  ],
  "check_results": null
}
