{
  "version": 4,
  "terraform_version": "1.10.0",
  "serial": 4,
  "lineage": "71df275a-de5b-6c8f-38cb-140cdf95ef11",
  "outputs": {},
  "resources": [
    {
      "mode": "managed",
      "type": "launchdarkly_feature_flag",
      "name": "flag",
      "provider": "provider[\"registry.terraform.io/launchdarkly/launchdarkly\"]",
      "instances": [
        {
          "schema_version": 0,
          "attributes": {
            "archived": false,
            "client_side_availability": [],
            "custom_properties": [],
            "defaults": [],
            "deprecated": false,
            "description": null,
            "id": "fixture-ffe-rules-pj/fixture-rules-flag",
            "include_in_snippet": false,
            "key": "fixture-rules-flag",
            "maintainer_id": "000000000000000000000000",
            "maintainer_team_key": null,
            "name": "Phase 4 FFE rules flag fixture",
            "project_key": "fixture-ffe-rules-pj",
            "tags": [],
            "temporary": false,
            "variation_type": "string",
            "variations": [
              {
                "description": null,
                "name": null,
                "value": "alpha"
              },
              {
                "description": null,
                "name": null,
                "value": "beta"
              }
            ],
            "view_keys": []
          },
          "sensitive_attributes": [],
          "dependencies": [
            "launchdarkly_project.test"
          ]
        }
      ]
    },
    {
      "mode": "managed",
      "type": "launchdarkly_feature_flag_environment",
      "name": "rules",
      "provider": "provider[\"registry.terraform.io/launchdarkly/launchdarkly\"]",
      "instances": [
        {
          "schema_version": 0,
          "attributes": {
            "context_targets": [],
            "env_key": "fixture-env-test",
            "fallthrough": [
              {
                "bucket_by": null,
                "context_kind": "user",
                "rollout_weights": null,
                "variation": 1
              }
            ],
            "flag_id": "fixture-ffe-rules-pj/fixture-rules-flag",
            "id": "fixture-ffe-rules-pj/fixture-env-test/fixture-rules-flag",
            "off_variation": 1,
            "on": true,
            "prerequisites": [],
            "rules": [
              {
                "bucket_by": null,
                "clauses": [
                  {
                    "attribute": "country",
                    "context_kind": "user",
                    "negate": false,
                    "op": "in",
                    "value_type": "string",
                    "values": [
                      "US"
                    ]
                  }
                ],
                "context_kind": "user",
                "description": "in-US",
                "rollout_weights": null,
                "variation": 0
              }
            ],
            "targets": [],
            "track_events": false
          },
          "sensitive_attributes": [],
          "dependencies": [
            "launchdarkly_feature_flag.flag",
            "launchdarkly_project.test"
          ]
        }
      ]
    },
    {
      "mode": "managed",
      "type": "launchdarkly_project",
      "name": "test",
      "provider": "provider[\"registry.terraform.io/launchdarkly/launchdarkly\"]",
      "instances": [
        {
          "schema_version": 0,
          "attributes": {
            "default_client_side_availability": [],
            "environments": [
              {
                "api_key": "sdk-2a42f8ab-dcd2-4db2-bddb-1e0a5d45cdc7",
                "approval_settings": [],
                "client_side_id": "6a05b4e15778ca0a98998318",
                "color": "112233",
                "confirm_changes": false,
                "critical": false,
                "default_track_events": false,
                "default_ttl": 0,
                "key": "fixture-env-test",
                "mobile_key": "mob-ba29fdad-781d-4eca-a0f3-db934b9030e1",
                "name": "Fixture test env",
                "require_comments": false,
                "secure_mode": false,
                "tags": null
              }
            ],
            "id": "fixture-ffe-rules-pj",
            "include_in_snippet": false,
            "key": "fixture-ffe-rules-pj",
            "name": "Phase 4 FFE rules project",
            "require_view_association_for_new_flags": false,
            "require_view_association_for_new_segments": false,
            "tags": null
          },
          "sensitive_attributes": [
            [
              {
                "type": "get_attr",
                "value": "environments"
              },
              {
                "type": "index",
                "value": {
                  "value": 0,
                  "type": "number"
                }
              },
              {
                "type": "get_attr",
                "value": "client_side_id"
              }
            ],
            [
              {
                "type": "get_attr",
                "value": "environments"
              },
              {
                "type": "index",
                "value": {
                  "value": 0,
                  "type": "number"
                }
              },
              {
                "type": "get_attr",
                "value": "mobile_key"
              }
            ],
            [
              {
                "type": "get_attr",
                "value": "environments"
              },
              {
                "type": "index",
                "value": {
                  "value": 0,
                  "type": "number"
                }
              },
              {
                "type": "get_attr",
                "value": "api_key"
              }
            ]
          ]
        }
      ]
    }
  ],
  "check_results": null
}
