{
  "version": 4,
  "terraform_version": "1.10.0",
  "serial": 4,
  "lineage": "db218eca-4020-1272-c22f-ef6e69cb8531",
  "outputs": {},
  "resources": [
    {
      "mode": "managed",
      "type": "launchdarkly_feature_flag",
      "name": "flag",
      "provider": "provider[\"registry.terraform.io/launchdarkly/launchdarkly\"]",
      "instances": [
        {
          "schema_version": 0,
          "attributes": {
            "archived": false,
            "client_side_availability": [],
            "custom_properties": [],
            "defaults": [],
            "deprecated": false,
            "description": null,
            "id": "fixture-ffe-offvar-pj/fixture-offvar-flag",
            "include_in_snippet": false,
            "key": "fixture-offvar-flag",
            "maintainer_id": "000000000000000000000000",
            "maintainer_team_key": null,
            "name": "Phase 4 FFE off-variation flag fixture",
            "project_key": "fixture-ffe-offvar-pj",
            "tags": [],
            "temporary": false,
            "variation_type": "string",
            "variations": [
              {
                "description": null,
                "name": null,
                "value": "alpha"
              },
              {
                "description": null,
                "name": null,
                "value": "beta"
              },
              {
                "description": null,
                "name": null,
                "value": "gamma"
              }
            ],
            "view_keys": []
          },
          "sensitive_attributes": [],
          "dependencies": [
            "launchdarkly_project.test"
          ]
        }
      ]
    },
    {
      "mode": "managed",
      "type": "launchdarkly_feature_flag_environment",
      "name": "offvar",
      "provider": "provider[\"registry.terraform.io/launchdarkly/launchdarkly\"]",
      "instances": [
        {
          "schema_version": 0,
          "attributes": {
            "context_targets": [],
            "env_key": "fixture-env-test",
            "fallthrough": [
              {
                "bucket_by": null,
                "context_kind": "user",
                "rollout_weights": null,
                "variation": 1
              }
            ],
            "flag_id": "fixture-ffe-offvar-pj/fixture-offvar-flag",
            "id": "fixture-ffe-offvar-pj/fixture-env-test/fixture-offvar-flag",
            "off_variation": 0,
            "on": false,
            "prerequisites": [],
            "rules": [],
            "targets": [],
            "track_events": true
          },
          "sensitive_attributes": [],
          "dependencies": [
            "launchdarkly_feature_flag.flag",
            "launchdarkly_project.test"
          ]
        }
      ]
    },
    {
      "mode": "managed",
      "type": "launchdarkly_project",
      "name": "test",
      "provider": "provider[\"registry.terraform.io/launchdarkly/launchdarkly\"]",
      "instances": [
        {
          "schema_version": 0,
          "attributes": {
            "default_client_side_availability": [],
            "environments": [
              {
                "api_key": "sdk-4c2d8dc1-0842-4ce6-a1a8-2030f14fc278",
                "approval_settings": [],
                "client_side_id": "6a05b53866a20f0a97dc73b3",
                "color": "112233",
                "confirm_changes": false,
                "critical": false,
                "default_track_events": false,
                "default_ttl": 0,
                "key": "fixture-env-test",
                "mobile_key": "mob-1b9d12e3-b167-4d7d-99a4-c524bd432a69",
                "name": "Fixture test env",
                "require_comments": false,
                "secure_mode": false,
                "tags": null
              }
            ],
            "id": "fixture-ffe-offvar-pj",
            "include_in_snippet": false,
            "key": "fixture-ffe-offvar-pj",
            "name": "Phase 4 FFE off-variation project",
            "require_view_association_for_new_flags": false,
            "require_view_association_for_new_segments": false,
            "tags": null
          },
          "sensitive_attributes": [
            [
              {
                "type": "get_attr",
                "value": "environments"
              },
              {
                "type": "index",
                "value": {
                  "value": 0,
                  "type": "number"
                }
              },
              {
                "type": "get_attr",
                "value": "api_key"
              }
            ],
            [
              {
                "type": "get_attr",
                "value": "environments"
              },
              {
                "type": "index",
                "value": {
                  "value": 0,
                  "type": "number"
                }
              },
              {
                "type": "get_attr",
                "value": "client_side_id"
              }
            ],
            [
              {
                "type": "get_attr",
                "value": "environments"
              },
              {
                "type": "index",
                "value": {
                  "value": 0,
                  "type": "number"
                }
              },
              {
                "type": "get_attr",
                "value": "mobile_key"
              }
            ]
          ]
        }
      ]
    }
  ],
  "check_results": null
}
