{
  "version": 4,
  "terraform_version": "1.10.0",
  "serial": 4,
  "lineage": "0c977c37-bb41-537e-ccf5-8eac015898cb",
  "outputs": {},
  "resources": [
    {
      "mode": "managed",
      "type": "launchdarkly_feature_flag",
      "name": "flag",
      "provider": "provider[\"registry.terraform.io/launchdarkly/launchdarkly\"]",
      "instances": [
        {
          "schema_version": 0,
          "attributes": {
            "archived": false,
            "client_side_availability": [],
            "custom_properties": [],
            "defaults": [],
            "deprecated": false,
            "description": null,
            "id": "fixture-ffe-rollout-pj/fixture-rollout-flag",
            "include_in_snippet": false,
            "key": "fixture-rollout-flag",
            "maintainer_id": "000000000000000000000000",
            "maintainer_team_key": null,
            "name": "Phase 4 FFE rollout flag fixture",
            "project_key": "fixture-ffe-rollout-pj",
            "tags": [],
            "temporary": false,
            "variation_type": "boolean",
            "variations": [
              {
                "description": null,
                "name": null,
                "value": "true"
              },
              {
                "description": null,
                "name": null,
                "value": "false"
              }
            ],
            "view_keys": []
          },
          "sensitive_attributes": [],
          "dependencies": [
            "launchdarkly_project.test"
          ]
        }
      ]
    },
    {
      "mode": "managed",
      "type": "launchdarkly_feature_flag_environment",
      "name": "rollout",
      "provider": "provider[\"registry.terraform.io/launchdarkly/launchdarkly\"]",
      "instances": [
        {
          "schema_version": 0,
          "attributes": {
            "context_targets": [],
            "env_key": "fixture-env-test",
            "fallthrough": [
              {
                "bucket_by": null,
                "context_kind": "user",
                "rollout_weights": null,
                "variation": 1
              }
            ],
            "flag_id": "fixture-ffe-rollout-pj/fixture-rollout-flag",
            "id": "fixture-ffe-rollout-pj/fixture-env-test/fixture-rollout-flag",
            "off_variation": 1,
            "on": true,
            "prerequisites": [],
            "rules": [
              {
                "bucket_by": "email",
                "clauses": [
                  {
                    "attribute": "country",
                    "context_kind": "user",
                    "negate": false,
                    "op": "in",
                    "value_type": "string",
                    "values": [
                      "US"
                    ]
                  }
                ],
                "context_kind": "user",
                "description": null,
                "rollout_weights": [
                  60000,
                  40000
                ],
                "variation": 0
              }
            ],
            "targets": [],
            "track_events": false
          },
          "sensitive_attributes": [],
          "dependencies": [
            "launchdarkly_feature_flag.flag",
            "launchdarkly_project.test"
          ]
        }
      ]
    },
    {
      "mode": "managed",
      "type": "launchdarkly_project",
      "name": "test",
      "provider": "provider[\"registry.terraform.io/launchdarkly/launchdarkly\"]",
      "instances": [
        {
          "schema_version": 0,
          "attributes": {
            "default_client_side_availability": [],
            "environments": [
              {
                "api_key": "sdk-c733cf5b-df9f-4b16-a48f-e62ee0dbdd6d",
                "approval_settings": [],
                "client_side_id": "6a05b5b2d9923e0a95bb6bbc",
                "color": "112233",
                "confirm_changes": false,
                "critical": false,
                "default_track_events": false,
                "default_ttl": 0,
                "key": "fixture-env-test",
                "mobile_key": "mob-20ed4b95-e33b-4d55-8064-27ef6b49d2e1",
                "name": "Fixture test env",
                "require_comments": false,
                "secure_mode": false,
                "tags": null
              }
            ],
            "id": "fixture-ffe-rollout-pj",
            "include_in_snippet": false,
            "key": "fixture-ffe-rollout-pj",
            "name": "Phase 4 FFE rollout project",
            "require_view_association_for_new_flags": false,
            "require_view_association_for_new_segments": false,
            "tags": null
          },
          "sensitive_attributes": [
            [
              {
                "type": "get_attr",
                "value": "environments"
              },
              {
                "type": "index",
                "value": {
                  "value": 0,
                  "type": "number"
                }
              },
              {
                "type": "get_attr",
                "value": "client_side_id"
              }
            ],
            [
              {
                "type": "get_attr",
                "value": "environments"
              },
              {
                "type": "index",
                "value": {
                  "value": 0,
                  "type": "number"
                }
              },
              {
                "type": "get_attr",
                "value": "api_key"
              }
            ],
            [
              {
                "type": "get_attr",
                "value": "environments"
              },
              {
                "type": "index",
                "value": {
                  "value": 0,
                  "type": "number"
                }
              },
              {
                "type": "get_attr",
                "value": "mobile_key"
              }
            ]
          ]
        }
      ]
    }
  ],
  "check_results": null
}
