{
  "version": 4,
  "terraform_version": "1.10.0",
  "serial": 5,
  "lineage": "d5a44d3d-3a3d-de4f-33b0-bf90912a9e00",
  "outputs": {},
  "resources": [
    {
      "mode": "managed",
      "type": "launchdarkly_feature_flag",
      "name": "main",
      "provider": "provider[\"registry.terraform.io/launchdarkly/launchdarkly\"]",
      "instances": [
        {
          "schema_version": 0,
          "attributes": {
            "archived": false,
            "client_side_availability": [],
            "custom_properties": [],
            "defaults": [],
            "deprecated": false,
            "description": null,
            "id": "fixture-ffe-fully-pj/fixture-fully-flag",
            "include_in_snippet": false,
            "key": "fixture-fully-flag",
            "maintainer_id": "000000000000000000000000",
            "maintainer_team_key": null,
            "name": "Fully-loaded flag",
            "project_key": "fixture-ffe-fully-pj",
            "tags": [],
            "temporary": false,
            "variation_type": "string",
            "variations": [
              {
                "description": null,
                "name": null,
                "value": "alpha"
              },
              {
                "description": null,
                "name": null,
                "value": "beta"
              },
              {
                "description": null,
                "name": null,
                "value": "gamma"
              }
            ],
            "view_keys": []
          },
          "sensitive_attributes": [],
          "dependencies": [
            "launchdarkly_project.test"
          ]
        }
      ]
    },
    {
      "mode": "managed",
      "type": "launchdarkly_feature_flag",
      "name": "prereq",
      "provider": "provider[\"registry.terraform.io/launchdarkly/launchdarkly\"]",
      "instances": [
        {
          "schema_version": 0,
          "attributes": {
            "archived": false,
            "client_side_availability": [],
            "custom_properties": [],
            "defaults": [],
            "deprecated": false,
            "description": null,
            "id": "fixture-ffe-fully-pj/fixture-fully-prereq",
            "include_in_snippet": false,
            "key": "fixture-fully-prereq",
            "maintainer_id": "000000000000000000000000",
            "maintainer_team_key": null,
            "name": "Fully-loaded prereq source",
            "project_key": "fixture-ffe-fully-pj",
            "tags": [],
            "temporary": false,
            "variation_type": "boolean",
            "variations": [
              {
                "description": null,
                "name": null,
                "value": "true"
              },
              {
                "description": null,
                "name": null,
                "value": "false"
              }
            ],
            "view_keys": []
          },
          "sensitive_attributes": [],
          "dependencies": [
            "launchdarkly_project.test"
          ]
        }
      ]
    },
    {
      "mode": "managed",
      "type": "launchdarkly_feature_flag_environment",
      "name": "fully",
      "provider": "provider[\"registry.terraform.io/launchdarkly/launchdarkly\"]",
      "instances": [
        {
          "schema_version": 0,
          "attributes": {
            "context_targets": [
              {
                "context_kind": "organization",
                "values": [
                  "acme"
                ],
                "variation": 1
              }
            ],
            "env_key": "fixture-env-test",
            "fallthrough": [
              {
                "bucket_by": null,
                "context_kind": "user",
                "rollout_weights": [
                  33333,
                  33334,
                  33333
                ],
                "variation": 0
              }
            ],
            "flag_id": "fixture-ffe-fully-pj/fixture-fully-flag",
            "id": "fixture-ffe-fully-pj/fixture-env-test/fixture-fully-flag",
            "off_variation": 2,
            "on": true,
            "prerequisites": [
              {
                "flag_key": "fixture-fully-prereq",
                "variation": 0
              }
            ],
            "rules": [
              {
                "bucket_by": null,
                "clauses": [
                  {
                    "attribute": "country",
                    "context_kind": "user",
                    "negate": false,
                    "op": "in",
                    "value_type": "string",
                    "values": [
                      "US"
                    ]
                  }
                ],
                "context_kind": "user",
                "description": "geo-restricted",
                "rollout_weights": null,
                "variation": 0
              },
              {
                "bucket_by": "email",
                "clauses": [
                  {
                    "attribute": "tier",
                    "context_kind": "user",
                    "negate": false,
                    "op": "in",
                    "value_type": "string",
                    "values": [
                      "pro",
                      "enterprise"
                    ]
                  }
                ],
                "context_kind": "user",
                "description": "rollout to beta",
                "rollout_weights": [
                  50000,
                  25000,
                  25000
                ],
                "variation": 0
              }
            ],
            "targets": [
              {
                "values": [
                  "fixture-user-power"
                ],
                "variation": 0
              }
            ],
            "track_events": false
          },
          "sensitive_attributes": [],
          "dependencies": [
            "launchdarkly_feature_flag.main",
            "launchdarkly_feature_flag.prereq",
            "launchdarkly_project.test"
          ]
        }
      ]
    },
    {
      "mode": "managed",
      "type": "launchdarkly_project",
      "name": "test",
      "provider": "provider[\"registry.terraform.io/launchdarkly/launchdarkly\"]",
      "instances": [
        {
          "schema_version": 0,
          "attributes": {
            "default_client_side_availability": [],
            "environments": [
              {
                "api_key": "sdk-101d30b3-8bbc-45b1-b7c8-c23fb56cbf13",
                "approval_settings": [],
                "client_side_id": "6a05b5beb9b5040a69c92748",
                "color": "112233",
                "confirm_changes": false,
                "critical": false,
                "default_track_events": false,
                "default_ttl": 0,
                "key": "fixture-env-test",
                "mobile_key": "mob-68fcba9a-cebe-40d3-9751-fbe867145e29",
                "name": "Fixture test env",
                "require_comments": false,
                "secure_mode": false,
                "tags": null
              }
            ],
            "id": "fixture-ffe-fully-pj",
            "include_in_snippet": false,
            "key": "fixture-ffe-fully-pj",
            "name": "Phase 4 FFE fully-loaded project",
            "require_view_association_for_new_flags": false,
            "require_view_association_for_new_segments": false,
            "tags": null
          },
          "sensitive_attributes": [
            [
              {
                "type": "get_attr",
                "value": "environments"
              },
              {
                "type": "index",
                "value": {
                  "value": 0,
                  "type": "number"
                }
              },
              {
                "type": "get_attr",
                "value": "api_key"
              }
            ],
            [
              {
                "type": "get_attr",
                "value": "environments"
              },
              {
                "type": "index",
                "value": {
                  "value": 0,
                  "type": "number"
                }
              },
              {
                "type": "get_attr",
                "value": "mobile_key"
              }
            ],
            [
              {
                "type": "get_attr",
                "value": "environments"
              },
              {
                "type": "index",
                "value": {
                  "value": 0,
                  "type": "number"
                }
              },
              {
                "type": "get_attr",
                "value": "client_side_id"
              }
            ]
          ]
        }
      ]
    }
  ],
  "check_results": null
}
