{
  "version": 4,
  "terraform_version": "1.10.0",
  "serial": 5,
  "lineage": "a05394f7-ef21-d86b-a876-58a112387a6b",
  "outputs": {},
  "resources": [
    {
      "mode": "managed",
      "type": "launchdarkly_feature_flag",
      "name": "dependent",
      "provider": "provider[\"registry.terraform.io/launchdarkly/launchdarkly\"]",
      "instances": [
        {
          "schema_version": 0,
          "attributes": {
            "archived": false,
            "client_side_availability": [],
            "custom_properties": [],
            "defaults": [],
            "deprecated": false,
            "description": null,
            "id": "fixture-ffe-prereq-pj/fixture-prereq-dep",
            "include_in_snippet": false,
            "key": "fixture-prereq-dep",
            "maintainer_id": "000000000000000000000000",
            "maintainer_team_key": null,
            "name": "Prereq dependent",
            "project_key": "fixture-ffe-prereq-pj",
            "tags": [],
            "temporary": false,
            "variation_type": "boolean",
            "variations": [
              {
                "description": null,
                "name": null,
                "value": "true"
              },
              {
                "description": null,
                "name": null,
                "value": "false"
              }
            ],
            "view_keys": []
          },
          "sensitive_attributes": [],
          "dependencies": [
            "launchdarkly_project.test"
          ]
        }
      ]
    },
    {
      "mode": "managed",
      "type": "launchdarkly_feature_flag",
      "name": "prereq",
      "provider": "provider[\"registry.terraform.io/launchdarkly/launchdarkly\"]",
      "instances": [
        {
          "schema_version": 0,
          "attributes": {
            "archived": false,
            "client_side_availability": [],
            "custom_properties": [],
            "defaults": [],
            "deprecated": false,
            "description": null,
            "id": "fixture-ffe-prereq-pj/fixture-prereq-source",
            "include_in_snippet": false,
            "key": "fixture-prereq-source",
            "maintainer_id": "000000000000000000000000",
            "maintainer_team_key": null,
            "name": "Prereq source",
            "project_key": "fixture-ffe-prereq-pj",
            "tags": [],
            "temporary": false,
            "variation_type": "boolean",
            "variations": [
              {
                "description": null,
                "name": null,
                "value": "true"
              },
              {
                "description": null,
                "name": null,
                "value": "false"
              }
            ],
            "view_keys": []
          },
          "sensitive_attributes": [],
          "dependencies": [
            "launchdarkly_project.test"
          ]
        }
      ]
    },
    {
      "mode": "managed",
      "type": "launchdarkly_feature_flag_environment",
      "name": "dependent",
      "provider": "provider[\"registry.terraform.io/launchdarkly/launchdarkly\"]",
      "instances": [
        {
          "schema_version": 0,
          "attributes": {
            "context_targets": [],
            "env_key": "fixture-env-test",
            "fallthrough": [
              {
                "bucket_by": null,
                "context_kind": "user",
                "rollout_weights": null,
                "variation": 0
              }
            ],
            "flag_id": "fixture-ffe-prereq-pj/fixture-prereq-dep",
            "id": "fixture-ffe-prereq-pj/fixture-env-test/fixture-prereq-dep",
            "off_variation": 1,
            "on": true,
            "prerequisites": [
              {
                "flag_key": "fixture-prereq-source",
                "variation": 0
              }
            ],
            "rules": [],
            "targets": [],
            "track_events": false
          },
          "sensitive_attributes": [],
          "dependencies": [
            "launchdarkly_feature_flag.dependent",
            "launchdarkly_feature_flag.prereq",
            "launchdarkly_project.test"
          ]
        }
      ]
    },
    {
      "mode": "managed",
      "type": "launchdarkly_project",
      "name": "test",
      "provider": "provider[\"registry.terraform.io/launchdarkly/launchdarkly\"]",
      "instances": [
        {
          "schema_version": 0,
          "attributes": {
            "default_client_side_availability": [],
            "environments": [
              {
                "api_key": "sdk-0e16a792-cb58-4068-a0cb-95ae7a1fa415",
                "approval_settings": [],
                "client_side_id": "6a05b51d77260a0a90def114",
                "color": "112233",
                "confirm_changes": false,
                "critical": false,
                "default_track_events": false,
                "default_ttl": 0,
                "key": "fixture-env-test",
                "mobile_key": "mob-01cd660f-99de-4333-aeb0-3d279a6e3ec8",
                "name": "Fixture test env",
                "require_comments": false,
                "secure_mode": false,
                "tags": null
              }
            ],
            "id": "fixture-ffe-prereq-pj",
            "include_in_snippet": false,
            "key": "fixture-ffe-prereq-pj",
            "name": "Phase 4 FFE prereq project",
            "require_view_association_for_new_flags": false,
            "require_view_association_for_new_segments": false,
            "tags": null
          },
          "sensitive_attributes": [
            [
              {
                "type": "get_attr",
                "value": "environments"
              },
              {
                "type": "index",
                "value": {
                  "value": 0,
                  "type": "number"
                }
              },
              {
                "type": "get_attr",
                "value": "client_side_id"
              }
            ],
            [
              {
                "type": "get_attr",
                "value": "environments"
              },
              {
                "type": "index",
                "value": {
                  "value": 0,
                  "type": "number"
                }
              },
              {
                "type": "get_attr",
                "value": "mobile_key"
              }
            ],
            [
              {
                "type": "get_attr",
                "value": "environments"
              },
              {
                "type": "index",
                "value": {
                  "value": 0,
                  "type": "number"
                }
              },
              {
                "type": "get_attr",
                "value": "api_key"
              }
            ]
          ]
        }
      ]
    }
  ],
  "check_results": null
}
