{
  "version": 4,
  "terraform_version": "1.10.0",
  "serial": 4,
  "lineage": "b0844dfa-cb21-3edc-0836-0e453eca0abf",
  "outputs": {},
  "resources": [
    {
      "mode": "managed",
      "type": "launchdarkly_feature_flag",
      "name": "fixture",
      "provider": "provider[\"registry.terraform.io/launchdarkly/launchdarkly\"]",
      "instances": [
        {
          "schema_version": 0,
          "attributes": {
            "archived": false,
            "client_side_availability": [
              {
                "using_environment_id": false,
                "using_mobile_key": true
              }
            ],
            "custom_properties": [],
            "defaults": [
              {
                "off_variation": 1,
                "on_variation": 0
              }
            ],
            "deprecated": false,
            "description": "",
            "id": "fixture-project-1/fixture-flag-1",
            "include_in_snippet": false,
            "key": "fixture-flag-1",
            "maintainer_id": null,
            "maintainer_team_key": null,
            "name": "fixture-flag-1",
            "project_key": "fixture-project-1",
            "tags": null,
            "temporary": false,
            "variation_type": "boolean",
            "variations": [
              {
                "description": "",
                "name": "",
                "value": "true"
              },
              {
                "description": "",
                "name": "",
                "value": "false"
              }
            ],
            "view_keys": []
          },
          "sensitive_attributes": [],
          "private": "bnVsbA==",
          "dependencies": [
            "launchdarkly_project.fixture"
          ]
        }
      ]
    },
    {
      "mode": "managed",
      "type": "launchdarkly_flag_trigger",
      "name": "fixture",
      "provider": "provider[\"registry.terraform.io/launchdarkly/launchdarkly\"]",
      "instances": [
        {
          "schema_version": 0,
          "attributes": {
            "enabled": true,
            "env_key": "fixture-env-test",
            "flag_key": "fixture-flag-1",
            "id": "6a0476e0ad7e180b8d0edd31",
            "instructions": [
              {
                "kind": "turnFlagOn"
              }
            ],
            "integration_key": "generic-trigger",
            "maintainer_id": "6762f70d84e540096f881bca",
            "project_key": "fixture-project-1",
            "trigger_url": "https://app.launchdarkly.com/webhook/triggers/6a0476e0ad7e180b8d0edd31/ad793179-2aa0-4239-a2f4-853dfb932010"
          },
          "sensitive_attributes": [
            [
              {
                "type": "get_attr",
                "value": "trigger_url"
              }
            ]
          ],
          "private": "bnVsbA==",
          "dependencies": [
            "launchdarkly_feature_flag.fixture",
            "launchdarkly_project.fixture"
          ]
        }
      ]
    },
    {
      "mode": "managed",
      "type": "launchdarkly_project",
      "name": "fixture",
      "provider": "provider[\"registry.terraform.io/launchdarkly/launchdarkly\"]",
      "instances": [
        {
          "schema_version": 0,
          "attributes": {
            "default_client_side_availability": [
              {
                "using_environment_id": false,
                "using_mobile_key": true
              }
            ],
            "environments": [
              {
                "api_key": "sdk-1ecb81bf-6ba1-4d53-ba36-079792e72632",
                "approval_settings": [
                  {
                    "auto_apply_approved_changes": false,
                    "can_apply_declined_changes": true,
                    "can_review_own_request": false,
                    "min_num_approvals": 1,
                    "required": false,
                    "required_approval_tags": [],
                    "service_config": {},
                    "service_kind": "launchdarkly"
                  }
                ],
                "client_side_id": "6a0476dc7ad7b10a9ae9d2f4",
                "color": "AABBCC",
                "confirm_changes": false,
                "critical": false,
                "default_track_events": false,
                "default_ttl": 0,
                "key": "fixture-env-test",
                "mobile_key": "mob-f52b4126-0e2d-45ab-8e42-61152a83e80a",
                "name": "fixture-env-test",
                "require_comments": false,
                "secure_mode": false,
                "tags": null
              }
            ],
            "id": "fixture-project-1",
            "include_in_snippet": false,
            "key": "fixture-project-1",
            "name": "fixture-project-1",
            "require_view_association_for_new_flags": false,
            "require_view_association_for_new_segments": false,
            "tags": null
          },
          "sensitive_attributes": [
            [
              {
                "type": "get_attr",
                "value": "environments"
              },
              {
                "type": "index",
                "value": {
                  "value": 0,
                  "type": "number"
                }
              },
              {
                "type": "get_attr",
                "value": "mobile_key"
              }
            ],
            [
              {
                "type": "get_attr",
                "value": "environments"
              },
              {
                "type": "index",
                "value": {
                  "value": 0,
                  "type": "number"
                }
              },
              {
                "type": "get_attr",
                "value": "api_key"
              }
            ],
            [
              {
                "type": "get_attr",
                "value": "environments"
              },
              {
                "type": "index",
                "value": {
                  "value": 0,
                  "type": "number"
                }
              },
              {
                "type": "get_attr",
                "value": "client_side_id"
              }
            ]
          ],
          "private": "bnVsbA=="
        }
      ]
    }
  ],
  "check_results": null
}
