{
  "version": 4,
  "terraform_version": "1.10.0",
  "serial": 3,
  "lineage": "a57eb11d-d844-c6f0-de31-f46355d9bbac",
  "outputs": {},
  "resources": [
    {
      "mode": "managed",
      "type": "launchdarkly_model_config",
      "name": "fixture",
      "provider": "provider[\"registry.terraform.io/launchdarkly/launchdarkly\"]",
      "instances": [
        {
          "schema_version": 0,
          "attributes": {
            "cost_per_input_token": 0,
            "cost_per_output_token": 0,
            "custom_parameters": "",
            "global": false,
            "icon": "",
            "id": "fixture-project-1/fixture-model-config-basic",
            "key": "fixture-model-config-basic",
            "model_id": "gpt-4o-mini",
            "model_provider": "openai",
            "name": "fixture-model-config-basic",
            "params": "{\"maxTokens\":4096,\"temperature\":0.7}",
            "project_key": "fixture-project-1",
            "tags": null,
            "version": 1
          },
          "sensitive_attributes": [],
          "private": "bnVsbA==",
          "dependencies": [
            "launchdarkly_project.fixture"
          ]
        }
      ]
    },
    {
      "mode": "managed",
      "type": "launchdarkly_project",
      "name": "fixture",
      "provider": "provider[\"registry.terraform.io/launchdarkly/launchdarkly\"]",
      "instances": [
        {
          "schema_version": 0,
          "attributes": {
            "default_client_side_availability": [
              {
                "using_environment_id": false,
                "using_mobile_key": true
              }
            ],
            "environments": [
              {
                "api_key": "sdk-3653b439-6d2b-456f-b254-7f8362907080",
                "approval_settings": [
                  {
                    "auto_apply_approved_changes": false,
                    "can_apply_declined_changes": true,
                    "can_review_own_request": false,
                    "min_num_approvals": 1,
                    "required": false,
                    "required_approval_tags": [],
                    "service_config": {},
                    "service_kind": "launchdarkly"
                  }
                ],
                "client_side_id": "6a0476cbe63ae80aa0fbfc42",
                "color": "AABBCC",
                "confirm_changes": false,
                "critical": false,
                "default_track_events": false,
                "default_ttl": 0,
                "key": "fixture-env-test",
                "mobile_key": "mob-fa3791c4-a470-48df-a042-8ca1f044e928",
                "name": "fixture-env-test",
                "require_comments": false,
                "secure_mode": false,
                "tags": null
              }
            ],
            "id": "fixture-project-1",
            "include_in_snippet": false,
            "key": "fixture-project-1",
            "name": "fixture-project-1",
            "require_view_association_for_new_flags": false,
            "require_view_association_for_new_segments": false,
            "tags": null
          },
          "sensitive_attributes": [
            [
              {
                "type": "get_attr",
                "value": "environments"
              },
              {
                "type": "index",
                "value": {
                  "value": 0,
                  "type": "number"
                }
              },
              {
                "type": "get_attr",
                "value": "mobile_key"
              }
            ],
            [
              {
                "type": "get_attr",
                "value": "environments"
              },
              {
                "type": "index",
                "value": {
                  "value": 0,
                  "type": "number"
                }
              },
              {
                "type": "get_attr",
                "value": "api_key"
              }
            ],
            [
              {
                "type": "get_attr",
                "value": "environments"
              },
              {
                "type": "index",
                "value": {
                  "value": 0,
                  "type": "number"
                }
              },
              {
                "type": "get_attr",
                "value": "client_side_id"
              }
            ]
          ],
          "private": "bnVsbA=="
        }
      ]
    }
  ],
  "check_results": null
}
