{
  "version": 4,
  "terraform_version": "1.10.0",
  "serial": 1,
  "lineage": "214db2d0-3eb7-8f90-fd2e-a76fedab3cea",
  "outputs": {},
  "resources": [
    {
      "mode": "managed",
      "type": "launchdarkly_project",
      "name": "env_approvals",
      "provider": "provider[\"registry.terraform.io/launchdarkly/launchdarkly\"]",
      "instances": [
        {
          "schema_version": 0,
          "attributes": {
            "default_client_side_availability": [],
            "environments": [
              {
                "api_key": "sdk-992795cc-bad1-45fb-b83f-052d6f633d7e",
                "approval_settings": [
                  {
                    "auto_apply_approved_changes": false,
                    "can_apply_declined_changes": false,
                    "can_review_own_request": false,
                    "min_num_approvals": 2,
                    "required": true,
                    "required_approval_tags": [],
                    "service_config": {},
                    "service_kind": "launchdarkly"
                  }
                ],
                "client_side_id": "6a05b41ca3bbc60a8dd98a7a",
                "color": "112233",
                "confirm_changes": false,
                "critical": false,
                "default_track_events": false,
                "default_ttl": 0,
                "key": "fixture-env-approvals",
                "mobile_key": "mob-86cb7b6d-07ac-4ea6-96cf-562c24add0cf",
                "name": "Fixture env with approvals",
                "require_comments": false,
                "secure_mode": false,
                "tags": null
              }
            ],
            "id": "fixture-project-envapprovals",
            "include_in_snippet": false,
            "key": "fixture-project-envapprovals",
            "name": "Phase 4 project env-approvals fixture",
            "require_view_association_for_new_flags": false,
            "require_view_association_for_new_segments": false,
            "tags": null
          },
          "sensitive_attributes": [
            [
              {
                "type": "get_attr",
                "value": "environments"
              },
              {
                "type": "index",
                "value": {
                  "value": 0,
                  "type": "number"
                }
              },
              {
                "type": "get_attr",
                "value": "mobile_key"
              }
            ],
            [
              {
                "type": "get_attr",
                "value": "environments"
              },
              {
                "type": "index",
                "value": {
                  "value": 0,
                  "type": "number"
                }
              },
              {
                "type": "get_attr",
                "value": "api_key"
              }
            ],
            [
              {
                "type": "get_attr",
                "value": "environments"
              },
              {
                "type": "index",
                "value": {
                  "value": 0,
                  "type": "number"
                }
              },
              {
                "type": "get_attr",
                "value": "client_side_id"
              }
            ]
          ]
        }
      ]
    }
  ],
  "check_results": null
}
