{
  "version": 4,
  "terraform_version": "1.10.0",
  "serial": 1,
  "lineage": "56a9dce2-6da3-db54-9a87-21668a93beae",
  "outputs": {},
  "resources": [
    {
      "mode": "managed",
      "type": "launchdarkly_project",
      "name": "iis",
      "provider": "provider[\"registry.terraform.io/launchdarkly/launchdarkly\"]",
      "instances": [
        {
          "schema_version": 0,
          "attributes": {
            "default_client_side_availability": [],
            "environments": [
              {
                "api_key": "sdk-3d890f51-1731-4a2c-a860-ad666cf1a828",
                "approval_settings": [],
                "client_side_id": "6a05b3fb10f1aa0a95e88a26",
                "color": "112233",
                "confirm_changes": false,
                "critical": false,
                "default_track_events": false,
                "default_ttl": 0,
                "key": "fixture-env-test",
                "mobile_key": "mob-272e31b2-7cbb-4354-a9c0-d13cd31436a9",
                "name": "Fixture test env",
                "require_comments": false,
                "secure_mode": false,
                "tags": null
              }
            ],
            "id": "fixture-project-iis",
            "include_in_snippet": true,
            "key": "fixture-project-iis",
            "name": "Phase 4 project IIS fixture",
            "require_view_association_for_new_flags": false,
            "require_view_association_for_new_segments": false,
            "tags": [
              "fixture",
              "iis"
            ]
          },
          "sensitive_attributes": [
            [
              {
                "type": "get_attr",
                "value": "environments"
              },
              {
                "type": "index",
                "value": {
                  "value": 0,
                  "type": "number"
                }
              },
              {
                "type": "get_attr",
                "value": "client_side_id"
              }
            ],
            [
              {
                "type": "get_attr",
                "value": "environments"
              },
              {
                "type": "index",
                "value": {
                  "value": 0,
                  "type": "number"
                }
              },
              {
                "type": "get_attr",
                "value": "api_key"
              }
            ],
            [
              {
                "type": "get_attr",
                "value": "environments"
              },
              {
                "type": "index",
                "value": {
                  "value": 0,
                  "type": "number"
                }
              },
              {
                "type": "get_attr",
                "value": "mobile_key"
              }
            ]
          ]
        }
      ]
    }
  ],
  "check_results": null
}
