{
  "version": 4,
  "terraform_version": "1.10.0",
  "serial": 1,
  "lineage": "4388b645-3204-fc6e-ab92-f22ffabfdc74",
  "outputs": {},
  "resources": [
    {
      "mode": "managed",
      "type": "launchdarkly_project",
      "name": "view_req",
      "provider": "provider[\"registry.terraform.io/launchdarkly/launchdarkly\"]",
      "instances": [
        {
          "schema_version": 0,
          "attributes": {
            "default_client_side_availability": [],
            "environments": [
              {
                "api_key": "sdk-2941f3d0-a716-42f8-8a93-1d1f509ce525",
                "approval_settings": [],
                "client_side_id": "6a05b41481a1650a9f1e0915",
                "color": "112233",
                "confirm_changes": false,
                "critical": false,
                "default_track_events": false,
                "default_ttl": 0,
                "key": "fixture-env-test",
                "mobile_key": "mob-d592260f-b457-4625-bfdc-728999db37a6",
                "name": "Fixture test env",
                "require_comments": false,
                "secure_mode": false,
                "tags": null
              }
            ],
            "id": "fixture-project-viewreq",
            "include_in_snippet": false,
            "key": "fixture-project-viewreq",
            "name": "Phase 4 project view-req fixture",
            "require_view_association_for_new_flags": true,
            "require_view_association_for_new_segments": true,
            "tags": null
          },
          "sensitive_attributes": [
            [
              {
                "type": "get_attr",
                "value": "environments"
              },
              {
                "type": "index",
                "value": {
                  "value": 0,
                  "type": "number"
                }
              },
              {
                "type": "get_attr",
                "value": "mobile_key"
              }
            ],
            [
              {
                "type": "get_attr",
                "value": "environments"
              },
              {
                "type": "index",
                "value": {
                  "value": 0,
                  "type": "number"
                }
              },
              {
                "type": "get_attr",
                "value": "client_side_id"
              }
            ],
            [
              {
                "type": "get_attr",
                "value": "environments"
              },
              {
                "type": "index",
                "value": {
                  "value": 0,
                  "type": "number"
                }
              },
              {
                "type": "get_attr",
                "value": "api_key"
              }
            ]
          ]
        }
      ]
    }
  ],
  "check_results": null
}
