{
  "version": 4,
  "terraform_version": "1.10.0",
  "serial": 1,
  "lineage": "dbe7ac98-a208-0094-613e-f90ab46f6aa4",
  "outputs": {},
  "resources": [
    {
      "mode": "managed",
      "type": "launchdarkly_project",
      "name": "multi_env",
      "provider": "provider[\"registry.terraform.io/launchdarkly/launchdarkly\"]",
      "instances": [
        {
          "schema_version": 0,
          "attributes": {
            "default_client_side_availability": [],
            "environments": [
              {
                "api_key": "sdk-0439217c-d6fb-4d70-bba5-be5cab8f9d91",
                "approval_settings": [],
                "client_side_id": "6a05b40c805c870aad514dac",
                "color": "112233",
                "confirm_changes": false,
                "critical": false,
                "default_track_events": false,
                "default_ttl": 0,
                "key": "fixture-env-test",
                "mobile_key": "mob-4b367d6b-dda7-4583-9715-8dfd583d7d0d",
                "name": "Fixture test env",
                "require_comments": false,
                "secure_mode": false,
                "tags": null
              },
              {
                "api_key": "sdk-ef8854c0-f2e5-4830-8b4a-a3a4380ae7a0",
                "approval_settings": [],
                "client_side_id": "6a05b40c805c870aad514dae",
                "color": "445566",
                "confirm_changes": false,
                "critical": false,
                "default_track_events": false,
                "default_ttl": 0,
                "key": "fixture-env-staging",
                "mobile_key": "mob-74d9f42e-30cb-46b8-8950-35b77c3fdf8d",
                "name": "Fixture staging env",
                "require_comments": false,
                "secure_mode": false,
                "tags": null
              },
              {
                "api_key": "sdk-47744fc6-0b23-4d97-b64a-09cd726a2219",
                "approval_settings": [],
                "client_side_id": "6a05b40c805c870aad514db0",
                "color": "778899",
                "confirm_changes": false,
                "critical": false,
                "default_track_events": false,
                "default_ttl": 0,
                "key": "fixture-env-prod",
                "mobile_key": "mob-c2b3a65b-69bb-4f0d-8203-9fab6d195240",
                "name": "Fixture prod env",
                "require_comments": false,
                "secure_mode": false,
                "tags": null
              }
            ],
            "id": "fixture-project-multi",
            "include_in_snippet": false,
            "key": "fixture-project-multi",
            "name": "Phase 4 project multi-env fixture",
            "require_view_association_for_new_flags": false,
            "require_view_association_for_new_segments": false,
            "tags": [
              "fixture",
              "multi-env"
            ]
          },
          "sensitive_attributes": [
            [
              {
                "type": "get_attr",
                "value": "environments"
              },
              {
                "type": "index",
                "value": {
                  "value": 0,
                  "type": "number"
                }
              },
              {
                "type": "get_attr",
                "value": "mobile_key"
              }
            ],
            [
              {
                "type": "get_attr",
                "value": "environments"
              },
              {
                "type": "index",
                "value": {
                  "value": 0,
                  "type": "number"
                }
              },
              {
                "type": "get_attr",
                "value": "client_side_id"
              }
            ],
            [
              {
                "type": "get_attr",
                "value": "environments"
              },
              {
                "type": "index",
                "value": {
                  "value": 0,
                  "type": "number"
                }
              },
              {
                "type": "get_attr",
                "value": "api_key"
              }
            ],
            [
              {
                "type": "get_attr",
                "value": "environments"
              },
              {
                "type": "index",
                "value": {
                  "value": 1,
                  "type": "number"
                }
              },
              {
                "type": "get_attr",
                "value": "api_key"
              }
            ],
            [
              {
                "type": "get_attr",
                "value": "environments"
              },
              {
                "type": "index",
                "value": {
                  "value": 1,
                  "type": "number"
                }
              },
              {
                "type": "get_attr",
                "value": "mobile_key"
              }
            ],
            [
              {
                "type": "get_attr",
                "value": "environments"
              },
              {
                "type": "index",
                "value": {
                  "value": 1,
                  "type": "number"
                }
              },
              {
                "type": "get_attr",
                "value": "client_side_id"
              }
            ],
            [
              {
                "type": "get_attr",
                "value": "environments"
              },
              {
                "type": "index",
                "value": {
                  "value": 2,
                  "type": "number"
                }
              },
              {
                "type": "get_attr",
                "value": "mobile_key"
              }
            ],
            [
              {
                "type": "get_attr",
                "value": "environments"
              },
              {
                "type": "index",
                "value": {
                  "value": 2,
                  "type": "number"
                }
              },
              {
                "type": "get_attr",
                "value": "client_side_id"
              }
            ],
            [
              {
                "type": "get_attr",
                "value": "environments"
              },
              {
                "type": "index",
                "value": {
                  "value": 2,
                  "type": "number"
                }
              },
              {
                "type": "get_attr",
                "value": "api_key"
              }
            ]
          ]
        }
      ]
    }
  ],
  "check_results": null
}
