{
  "version": 4,
  "terraform_version": "1.10.0",
  "serial": 1,
  "lineage": "1da709aa-5b9e-e118-49a6-024e324b46aa",
  "outputs": {},
  "resources": [
    {
      "mode": "managed",
      "type": "launchdarkly_project",
      "name": "csa",
      "provider": "provider[\"registry.terraform.io/launchdarkly/launchdarkly\"]",
      "instances": [
        {
          "schema_version": 0,
          "attributes": {
            "default_client_side_availability": [
              {
                "using_environment_id": true,
                "using_mobile_key": false
              }
            ],
            "environments": [
              {
                "api_key": "sdk-41dd19c0-0854-4c17-8859-bc12b4b1bbe3",
                "approval_settings": [],
                "client_side_id": "6a05b403a3bbc60a8dd98a32",
                "color": "112233",
                "confirm_changes": false,
                "critical": false,
                "default_track_events": false,
                "default_ttl": 0,
                "key": "fixture-env-test",
                "mobile_key": "mob-56316aeb-2ba5-4dfd-bff2-891fc2eba15f",
                "name": "Fixture test env",
                "require_comments": false,
                "secure_mode": false,
                "tags": null
              }
            ],
            "id": "fixture-project-csa",
            "include_in_snippet": true,
            "key": "fixture-project-csa",
            "name": "Phase 4 project CSA fixture",
            "require_view_association_for_new_flags": false,
            "require_view_association_for_new_segments": false,
            "tags": null
          },
          "sensitive_attributes": [
            [
              {
                "type": "get_attr",
                "value": "environments"
              },
              {
                "type": "index",
                "value": {
                  "value": 0,
                  "type": "number"
                }
              },
              {
                "type": "get_attr",
                "value": "api_key"
              }
            ],
            [
              {
                "type": "get_attr",
                "value": "environments"
              },
              {
                "type": "index",
                "value": {
                  "value": 0,
                  "type": "number"
                }
              },
              {
                "type": "get_attr",
                "value": "mobile_key"
              }
            ],
            [
              {
                "type": "get_attr",
                "value": "environments"
              },
              {
                "type": "index",
                "value": {
                  "value": 0,
                  "type": "number"
                }
              },
              {
                "type": "get_attr",
                "value": "client_side_id"
              }
            ]
          ]
        }
      ]
    }
  ],
  "check_results": null
}
