{
  "version": 4,
  "terraform_version": "1.10.0",
  "serial": 1,
  "lineage": "ce3fa585-dd67-c97f-117e-a2de6ece5094",
  "outputs": {},
  "resources": [
    {
      "mode": "managed",
      "type": "launchdarkly_relay_proxy_configuration",
      "name": "fixture",
      "provider": "provider[\"registry.terraform.io/launchdarkly/launchdarkly\"]",
      "instances": [
        {
          "schema_version": 0,
          "attributes": {
            "display_key": "0000",
            "full_key": "FIXTURE_REDACTED_RELAY_KEY",
            "id": "6a047618c8edcf0ba8d3a74c",
            "name": "fixture-relay-proxy-basic",
            "policy": [
              {
                "actions": [
                  "*"
                ],
                "effect": "allow",
                "not_actions": null,
                "not_resources": null,
                "resources": [
                  "proj/*:env/*"
                ]
              }
            ]
          },
          "sensitive_attributes": [
            [
              {
                "type": "get_attr",
                "value": "full_key"
              }
            ]
          ],
          "private": "bnVsbA=="
        }
      ]
    }
  ],
  "check_results": null
}
