{
  "version": 4,
  "terraform_version": "1.10.0",
  "serial": 3,
  "lineage": "65cc2d58-0cdc-2778-886e-8ea66617f92b",
  "outputs": {},
  "resources": [
    {
      "mode": "managed",
      "type": "launchdarkly_project",
      "name": "test",
      "provider": "provider[\"registry.terraform.io/launchdarkly/launchdarkly\"]",
      "instances": [
        {
          "schema_version": 0,
          "attributes": {
            "default_client_side_availability": [],
            "environments": [
              {
                "api_key": "sdk-dc0eb862-ddab-43bd-99fc-1111714d3137",
                "approval_settings": [],
                "client_side_id": "6a05b43b98f5e30a9928beea",
                "color": "112233",
                "confirm_changes": false,
                "critical": false,
                "default_track_events": false,
                "default_ttl": 0,
                "key": "fixture-env-test",
                "mobile_key": "mob-dd8ac702-3fb3-47a1-8d6c-72402e0811ef",
                "name": "Fixture test env",
                "require_comments": false,
                "secure_mode": false,
                "tags": null
              }
            ],
            "id": "fixture-segment-rules-pj",
            "include_in_snippet": false,
            "key": "fixture-segment-rules-pj",
            "name": "Phase 4 segment rules project",
            "require_view_association_for_new_flags": false,
            "require_view_association_for_new_segments": false,
            "tags": null
          },
          "sensitive_attributes": [
            [
              {
                "type": "get_attr",
                "value": "environments"
              },
              {
                "type": "index",
                "value": {
                  "value": 0,
                  "type": "number"
                }
              },
              {
                "type": "get_attr",
                "value": "mobile_key"
              }
            ],
            [
              {
                "type": "get_attr",
                "value": "environments"
              },
              {
                "type": "index",
                "value": {
                  "value": 0,
                  "type": "number"
                }
              },
              {
                "type": "get_attr",
                "value": "client_side_id"
              }
            ],
            [
              {
                "type": "get_attr",
                "value": "environments"
              },
              {
                "type": "index",
                "value": {
                  "value": 0,
                  "type": "number"
                }
              },
              {
                "type": "get_attr",
                "value": "api_key"
              }
            ]
          ]
        }
      ]
    },
    {
      "mode": "managed",
      "type": "launchdarkly_segment",
      "name": "rules",
      "provider": "provider[\"registry.terraform.io/launchdarkly/launchdarkly\"]",
      "instances": [
        {
          "schema_version": 0,
          "attributes": {
            "creation_date": 1778758717241,
            "description": null,
            "env_key": "fixture-env-test",
            "excluded": null,
            "excluded_contexts": [],
            "id": "fixture-segment-rules-pj/fixture-env-test/fixture-segment-rules",
            "included": null,
            "included_contexts": [],
            "key": "fixture-segment-rules",
            "name": "Phase 4 segment rules fixture",
            "project_key": "fixture-segment-rules-pj",
            "rules": [
              {
                "bucket_by": null,
                "clauses": [
                  {
                    "attribute": "country",
                    "context_kind": "user",
                    "negate": false,
                    "op": "in",
                    "value_type": "string",
                    "values": [
                      "US",
                      "CA"
                    ]
                  }
                ],
                "rollout_context_kind": null,
                "weight": null
              }
            ],
            "tags": [],
            "unbounded": false,
            "unbounded_context_kind": "",
            "view_keys": []
          },
          "sensitive_attributes": [],
          "dependencies": [
            "launchdarkly_project.test"
          ]
        }
      ]
    }
  ],
  "check_results": null
}
