{
  "version": 4,
  "terraform_version": "1.10.0",
  "serial": 3,
  "lineage": "40c9b161-3737-6cfc-6c89-11a99ccad9b1",
  "outputs": {},
  "resources": [
    {
      "mode": "managed",
      "type": "launchdarkly_project",
      "name": "test",
      "provider": "provider[\"registry.terraform.io/launchdarkly/launchdarkly\"]",
      "instances": [
        {
          "schema_version": 0,
          "attributes": {
            "default_client_side_availability": [],
            "environments": [
              {
                "api_key": "sdk-724c31b5-e728-4324-93ca-d85a4be2fced",
                "approval_settings": [],
                "client_side_id": "6a05b45d4eb78d0a7630810f",
                "color": "112233",
                "confirm_changes": false,
                "critical": false,
                "default_track_events": false,
                "default_ttl": 0,
                "key": "fixture-env-test",
                "mobile_key": "mob-c834e3c7-fd18-450f-95cb-2a7c1addff07",
                "name": "Fixture test env",
                "require_comments": false,
                "secure_mode": false,
                "tags": null
              }
            ],
            "id": "fixture-segment-big-pj",
            "include_in_snippet": false,
            "key": "fixture-segment-big-pj",
            "name": "Phase 4 segment big project",
            "require_view_association_for_new_flags": false,
            "require_view_association_for_new_segments": false,
            "tags": null
          },
          "sensitive_attributes": [
            [
              {
                "type": "get_attr",
                "value": "environments"
              },
              {
                "type": "index",
                "value": {
                  "value": 0,
                  "type": "number"
                }
              },
              {
                "type": "get_attr",
                "value": "api_key"
              }
            ],
            [
              {
                "type": "get_attr",
                "value": "environments"
              },
              {
                "type": "index",
                "value": {
                  "value": 0,
                  "type": "number"
                }
              },
              {
                "type": "get_attr",
                "value": "client_side_id"
              }
            ],
            [
              {
                "type": "get_attr",
                "value": "environments"
              },
              {
                "type": "index",
                "value": {
                  "value": 0,
                  "type": "number"
                }
              },
              {
                "type": "get_attr",
                "value": "mobile_key"
              }
            ]
          ]
        }
      ]
    },
    {
      "mode": "managed",
      "type": "launchdarkly_segment",
      "name": "big",
      "provider": "provider[\"registry.terraform.io/launchdarkly/launchdarkly\"]",
      "instances": [
        {
          "schema_version": 0,
          "attributes": {
            "creation_date": 1778758751306,
            "description": null,
            "env_key": "fixture-env-test",
            "excluded": null,
            "excluded_contexts": [],
            "id": "fixture-segment-big-pj/fixture-env-test/fixture-segment-big",
            "included": null,
            "included_contexts": [],
            "key": "fixture-segment-big",
            "name": "Phase 4 segment big fixture",
            "project_key": "fixture-segment-big-pj",
            "rules": [],
            "tags": [],
            "unbounded": true,
            "unbounded_context_kind": "user",
            "view_keys": []
          },
          "sensitive_attributes": [],
          "dependencies": [
            "launchdarkly_project.test"
          ]
        }
      ]
    }
  ],
  "check_results": null
}
