{
  "version": 4,
  "terraform_version": "1.10.0",
  "serial": 3,
  "lineage": "c0674aa0-03a6-b4ef-b247-4503606dcd3e",
  "outputs": {},
  "resources": [
    {
      "mode": "managed",
      "type": "launchdarkly_project",
      "name": "test",
      "provider": "provider[\"registry.terraform.io/launchdarkly/launchdarkly\"]",
      "instances": [
        {
          "schema_version": 0,
          "attributes": {
            "default_client_side_availability": [],
            "environments": [
              {
                "api_key": "sdk-cb905d9d-acca-49e4-8390-772f6f8f44ba",
                "approval_settings": [],
                "client_side_id": "6a05b446f35f1a0a786fe74c",
                "color": "112233",
                "confirm_changes": false,
                "critical": false,
                "default_track_events": false,
                "default_ttl": 0,
                "key": "fixture-env-test",
                "mobile_key": "mob-76607a6a-5a60-43dd-abe8-949104657cb8",
                "name": "Fixture test env",
                "require_comments": false,
                "secure_mode": false,
                "tags": null
              }
            ],
            "id": "fixture-segment-rollout-pj",
            "include_in_snippet": false,
            "key": "fixture-segment-rollout-pj",
            "name": "Phase 4 segment rollout project",
            "require_view_association_for_new_flags": false,
            "require_view_association_for_new_segments": false,
            "tags": null
          },
          "sensitive_attributes": [
            [
              {
                "type": "get_attr",
                "value": "environments"
              },
              {
                "type": "index",
                "value": {
                  "value": 0,
                  "type": "number"
                }
              },
              {
                "type": "get_attr",
                "value": "mobile_key"
              }
            ],
            [
              {
                "type": "get_attr",
                "value": "environments"
              },
              {
                "type": "index",
                "value": {
                  "value": 0,
                  "type": "number"
                }
              },
              {
                "type": "get_attr",
                "value": "api_key"
              }
            ],
            [
              {
                "type": "get_attr",
                "value": "environments"
              },
              {
                "type": "index",
                "value": {
                  "value": 0,
                  "type": "number"
                }
              },
              {
                "type": "get_attr",
                "value": "client_side_id"
              }
            ]
          ]
        }
      ]
    },
    {
      "mode": "managed",
      "type": "launchdarkly_segment",
      "name": "rollout",
      "provider": "provider[\"registry.terraform.io/launchdarkly/launchdarkly\"]",
      "instances": [
        {
          "schema_version": 0,
          "attributes": {
            "creation_date": 1778758728783,
            "description": null,
            "env_key": "fixture-env-test",
            "excluded": null,
            "excluded_contexts": [],
            "id": "fixture-segment-rollout-pj/fixture-env-test/fixture-segment-rollout",
            "included": null,
            "included_contexts": [],
            "key": "fixture-segment-rollout",
            "name": "Phase 4 segment rollout fixture",
            "project_key": "fixture-segment-rollout-pj",
            "rules": [
              {
                "bucket_by": "email",
                "clauses": [
                  {
                    "attribute": "country",
                    "context_kind": "user",
                    "negate": false,
                    "op": "in",
                    "value_type": "string",
                    "values": [
                      "US"
                    ]
                  }
                ],
                "rollout_context_kind": "user",
                "weight": 50000
              }
            ],
            "tags": [],
            "unbounded": false,
            "unbounded_context_kind": "",
            "view_keys": []
          },
          "sensitive_attributes": [],
          "dependencies": [
            "launchdarkly_project.test"
          ]
        }
      ]
    }
  ],
  "check_results": null
}
