{
  "version": 4,
  "terraform_version": "1.10.0",
  "serial": 3,
  "lineage": "b515f5ce-d5a1-43f7-0c7c-16fd53b0d77e",
  "outputs": {},
  "resources": [
    {
      "mode": "managed",
      "type": "launchdarkly_project",
      "name": "test",
      "provider": "provider[\"registry.terraform.io/launchdarkly/launchdarkly\"]",
      "instances": [
        {
          "schema_version": 0,
          "attributes": {
            "default_client_side_availability": [],
            "environments": [
              {
                "api_key": "sdk-c349ccdd-d9e6-46ba-b390-f352ffe9d9e1",
                "approval_settings": [],
                "client_side_id": "6a05b430dc1f720b06fd5f3b",
                "color": "112233",
                "confirm_changes": false,
                "critical": false,
                "default_track_events": false,
                "default_ttl": 0,
                "key": "fixture-env-test",
                "mobile_key": "mob-5da5b056-a9d5-4212-aa71-e9f911c154f7",
                "name": "Fixture test env",
                "require_comments": false,
                "secure_mode": false,
                "tags": null
              }
            ],
            "id": "fixture-segment-incexc-pj",
            "include_in_snippet": false,
            "key": "fixture-segment-incexc-pj",
            "name": "Phase 4 segment incexc project",
            "require_view_association_for_new_flags": false,
            "require_view_association_for_new_segments": false,
            "tags": null
          },
          "sensitive_attributes": [
            [
              {
                "type": "get_attr",
                "value": "environments"
              },
              {
                "type": "index",
                "value": {
                  "value": 0,
                  "type": "number"
                }
              },
              {
                "type": "get_attr",
                "value": "mobile_key"
              }
            ],
            [
              {
                "type": "get_attr",
                "value": "environments"
              },
              {
                "type": "index",
                "value": {
                  "value": 0,
                  "type": "number"
                }
              },
              {
                "type": "get_attr",
                "value": "client_side_id"
              }
            ],
            [
              {
                "type": "get_attr",
                "value": "environments"
              },
              {
                "type": "index",
                "value": {
                  "value": 0,
                  "type": "number"
                }
              },
              {
                "type": "get_attr",
                "value": "api_key"
              }
            ]
          ]
        }
      ]
    },
    {
      "mode": "managed",
      "type": "launchdarkly_segment",
      "name": "incexc",
      "provider": "provider[\"registry.terraform.io/launchdarkly/launchdarkly\"]",
      "instances": [
        {
          "schema_version": 0,
          "attributes": {
            "creation_date": 1778758706585,
            "description": "Included + excluded user keys",
            "env_key": "fixture-env-test",
            "excluded": [
              "mallory@example.invalid"
            ],
            "excluded_contexts": [],
            "id": "fixture-segment-incexc-pj/fixture-env-test/fixture-segment-incexc",
            "included": [
              "alice@example.invalid",
              "bob@example.invalid"
            ],
            "included_contexts": [],
            "key": "fixture-segment-incexc",
            "name": "Phase 4 segment incexc fixture",
            "project_key": "fixture-segment-incexc-pj",
            "rules": [],
            "tags": [
              "fixture"
            ],
            "unbounded": false,
            "unbounded_context_kind": "",
            "view_keys": []
          },
          "sensitive_attributes": [],
          "dependencies": [
            "launchdarkly_project.test"
          ]
        }
      ]
    }
  ],
  "check_results": null
}
