{
  "version": 4,
  "terraform_version": "1.10.0",
  "serial": 3,
  "lineage": "f7e42362-aa18-51fb-35da-8dc48b3bc3a3",
  "outputs": {},
  "resources": [
    {
      "mode": "managed",
      "type": "launchdarkly_project",
      "name": "test",
      "provider": "provider[\"registry.terraform.io/launchdarkly/launchdarkly\"]",
      "instances": [
        {
          "schema_version": 0,
          "attributes": {
            "default_client_side_availability": [],
            "environments": [
              {
                "api_key": "sdk-533bec5b-77b8-491a-b2d3-b92cc81d4f3a",
                "approval_settings": [],
                "client_side_id": "6a05b425f35f1a0a786fe6b4",
                "color": "112233",
                "confirm_changes": false,
                "critical": false,
                "default_track_events": false,
                "default_ttl": 0,
                "key": "fixture-env-test",
                "mobile_key": "mob-838f6c9c-ddc4-4175-951f-64f360685843",
                "name": "Fixture test env",
                "require_comments": false,
                "secure_mode": false,
                "tags": null
              }
            ],
            "id": "fixture-segment-basic-pj",
            "include_in_snippet": false,
            "key": "fixture-segment-basic-pj",
            "name": "Phase 4 segment basic project",
            "require_view_association_for_new_flags": false,
            "require_view_association_for_new_segments": false,
            "tags": null
          },
          "sensitive_attributes": [
            [
              {
                "type": "get_attr",
                "value": "environments"
              },
              {
                "type": "index",
                "value": {
                  "value": 0,
                  "type": "number"
                }
              },
              {
                "type": "get_attr",
                "value": "api_key"
              }
            ],
            [
              {
                "type": "get_attr",
                "value": "environments"
              },
              {
                "type": "index",
                "value": {
                  "value": 0,
                  "type": "number"
                }
              },
              {
                "type": "get_attr",
                "value": "mobile_key"
              }
            ],
            [
              {
                "type": "get_attr",
                "value": "environments"
              },
              {
                "type": "index",
                "value": {
                  "value": 0,
                  "type": "number"
                }
              },
              {
                "type": "get_attr",
                "value": "client_side_id"
              }
            ]
          ]
        }
      ]
    },
    {
      "mode": "managed",
      "type": "launchdarkly_segment",
      "name": "basic",
      "provider": "provider[\"registry.terraform.io/launchdarkly/launchdarkly\"]",
      "instances": [
        {
          "schema_version": 0,
          "attributes": {
            "creation_date": 1778758695407,
            "description": null,
            "env_key": "fixture-env-test",
            "excluded": null,
            "excluded_contexts": [],
            "id": "fixture-segment-basic-pj/fixture-env-test/fixture-segment-basic",
            "included": null,
            "included_contexts": [],
            "key": "fixture-segment-basic",
            "name": "Phase 4 segment basic fixture",
            "project_key": "fixture-segment-basic-pj",
            "rules": [],
            "tags": [],
            "unbounded": false,
            "unbounded_context_kind": "",
            "view_keys": []
          },
          "sensitive_attributes": [],
          "dependencies": [
            "launchdarkly_project.test"
          ]
        }
      ]
    }
  ],
  "check_results": null
}
