{
  "version": 4,
  "terraform_version": "1.10.0",
  "serial": 3,
  "lineage": "f800be2e-4e32-1fe0-a45c-0ef0a18ca577",
  "outputs": {},
  "resources": [
    {
      "mode": "managed",
      "type": "launchdarkly_project",
      "name": "test",
      "provider": "provider[\"registry.terraform.io/launchdarkly/launchdarkly\"]",
      "instances": [
        {
          "schema_version": 0,
          "attributes": {
            "default_client_side_availability": [],
            "environments": [
              {
                "api_key": "sdk-7af3f729-fec2-4c53-a58b-189ee47333a3",
                "approval_settings": [],
                "client_side_id": "6a05b45181a1650a9f1e09e8",
                "color": "112233",
                "confirm_changes": false,
                "critical": false,
                "default_track_events": false,
                "default_ttl": 0,
                "key": "fixture-env-test",
                "mobile_key": "mob-32848800-57f1-449f-bda6-4b1a9dd3123f",
                "name": "Fixture test env",
                "require_comments": false,
                "secure_mode": false,
                "tags": null
              }
            ],
            "id": "fixture-segment-ctx-pj",
            "include_in_snippet": false,
            "key": "fixture-segment-ctx-pj",
            "name": "Phase 4 segment contexts project",
            "require_view_association_for_new_flags": false,
            "require_view_association_for_new_segments": false,
            "tags": null
          },
          "sensitive_attributes": [
            [
              {
                "type": "get_attr",
                "value": "environments"
              },
              {
                "type": "index",
                "value": {
                  "value": 0,
                  "type": "number"
                }
              },
              {
                "type": "get_attr",
                "value": "api_key"
              }
            ],
            [
              {
                "type": "get_attr",
                "value": "environments"
              },
              {
                "type": "index",
                "value": {
                  "value": 0,
                  "type": "number"
                }
              },
              {
                "type": "get_attr",
                "value": "mobile_key"
              }
            ],
            [
              {
                "type": "get_attr",
                "value": "environments"
              },
              {
                "type": "index",
                "value": {
                  "value": 0,
                  "type": "number"
                }
              },
              {
                "type": "get_attr",
                "value": "client_side_id"
              }
            ]
          ]
        }
      ]
    },
    {
      "mode": "managed",
      "type": "launchdarkly_segment",
      "name": "contexts",
      "provider": "provider[\"registry.terraform.io/launchdarkly/launchdarkly\"]",
      "instances": [
        {
          "schema_version": 0,
          "attributes": {
            "creation_date": 1778758739917,
            "description": null,
            "env_key": "fixture-env-test",
            "excluded": null,
            "excluded_contexts": [
              {
                "context_kind": "organization",
                "values": [
                  "initech"
                ]
              }
            ],
            "id": "fixture-segment-ctx-pj/fixture-env-test/fixture-segment-contexts",
            "included": null,
            "included_contexts": [
              {
                "context_kind": "organization",
                "values": [
                  "acme",
                  "globex"
                ]
              }
            ],
            "key": "fixture-segment-contexts",
            "name": "Phase 4 segment contexts fixture",
            "project_key": "fixture-segment-ctx-pj",
            "rules": [],
            "tags": [],
            "unbounded": false,
            "unbounded_context_kind": "",
            "view_keys": []
          },
          "sensitive_attributes": [],
          "dependencies": [
            "launchdarkly_project.test"
          ]
        }
      ]
    }
  ],
  "check_results": null
}
