{
  "version": 4,
  "terraform_version": "1.10.0",
  "serial": 1,
  "lineage": "fc993854-6872-953f-5405-e36d3fef231b",
  "outputs": {},
  "resources": [
    {
      "mode": "managed",
      "type": "launchdarkly_team_member",
      "name": "fixture",
      "provider": "provider[\"registry.terraform.io/launchdarkly/launchdarkly\"]",
      "instances": [
        {
          "schema_version": 0,
          "attributes": {
            "custom_roles": null,
            "email": "fixture-team-member-PLACEHOLDER@example.invalid",
            "first_name": "Fixture",
            "id": "6a04787f951a5e0a943fe418",
            "last_name": "Member",
            "role": "reader",
            "role_attributes": []
          },
          "sensitive_attributes": [],
          "private": "bnVsbA=="
        }
      ]
    }
  ],
  "check_results": null
}
