{
  "version": 4,
  "terraform_version": "1.10.0",
  "serial": 3,
  "lineage": "ff70eda0-4d7e-a3c1-ee1b-7b64bab6d1ca",
  "outputs": {},
  "resources": [
    {
      "mode": "managed",
      "type": "launchdarkly_project",
      "name": "fixture",
      "provider": "provider[\"registry.terraform.io/launchdarkly/launchdarkly\"]",
      "instances": [
        {
          "schema_version": 0,
          "attributes": {
            "default_client_side_availability": [
              {
                "using_environment_id": false,
                "using_mobile_key": true
              }
            ],
            "environments": [
              {
                "api_key": "sdk-1a854a97-fc5d-4225-b1db-a3a9b4027487",
                "approval_settings": [
                  {
                    "auto_apply_approved_changes": false,
                    "can_apply_declined_changes": true,
                    "can_review_own_request": false,
                    "min_num_approvals": 1,
                    "required": false,
                    "required_approval_tags": [],
                    "service_config": {},
                    "service_kind": "launchdarkly"
                  }
                ],
                "client_side_id": "6a047739951a5e0a943fde32",
                "color": "AABBCC",
                "confirm_changes": false,
                "critical": false,
                "default_track_events": false,
                "default_ttl": 0,
                "key": "fixture-env-test",
                "mobile_key": "mob-eea57b1e-2936-483d-adc1-c3a81609c3c3",
                "name": "fixture-env-test",
                "require_comments": false,
                "secure_mode": false,
                "tags": null
              }
            ],
            "id": "fixture-project-1",
            "include_in_snippet": false,
            "key": "fixture-project-1",
            "name": "fixture-project-1",
            "require_view_association_for_new_flags": false,
            "require_view_association_for_new_segments": false,
            "tags": null
          },
          "sensitive_attributes": [
            [
              {
                "type": "get_attr",
                "value": "environments"
              },
              {
                "type": "index",
                "value": {
                  "value": 0,
                  "type": "number"
                }
              },
              {
                "type": "get_attr",
                "value": "api_key"
              }
            ],
            [
              {
                "type": "get_attr",
                "value": "environments"
              },
              {
                "type": "index",
                "value": {
                  "value": 0,
                  "type": "number"
                }
              },
              {
                "type": "get_attr",
                "value": "mobile_key"
              }
            ],
            [
              {
                "type": "get_attr",
                "value": "environments"
              },
              {
                "type": "index",
                "value": {
                  "value": 0,
                  "type": "number"
                }
              },
              {
                "type": "get_attr",
                "value": "client_side_id"
              }
            ]
          ],
          "private": "bnVsbA=="
        }
      ]
    },
    {
      "mode": "managed",
      "type": "launchdarkly_view",
      "name": "fixture",
      "provider": "provider[\"registry.terraform.io/launchdarkly/launchdarkly\"]",
      "instances": [
        {
          "schema_version": 0,
          "attributes": {
            "archived": false,
            "description": "fixture view basic",
            "id": "fixture-project-1/fixture-view-basic",
            "key": "fixture-view-basic",
            "maintainer_id": "000000000000000000000000",
            "maintainer_team_key": "",
            "name": "fixture-view-basic",
            "project_key": "fixture-project-1",
            "tags": [
              "fixture-tag"
            ]
          },
          "sensitive_attributes": [],
          "private": "bnVsbA==",
          "dependencies": [
            "launchdarkly_project.fixture"
          ]
        }
      ]
    }
  ],
  "check_results": null
}
