{
  "version": 4,
  "terraform_version": "1.10.0",
  "serial": 1,
  "lineage": "19b38330-9095-8bfe-d218-93382a2e6c74",
  "outputs": {},
  "resources": [
    {
      "mode": "managed",
      "type": "launchdarkly_webhook",
      "name": "fixture",
      "provider": "provider[\"registry.terraform.io/launchdarkly/launchdarkly\"]",
      "instances": [
        {
          "schema_version": 0,
          "attributes": {
            "id": "6a0478f99103260caf9f4a61",
            "name": "fixture-webhook-basic",
            "on": true,
            "secret": "deterministic-fixture-secret",
            "statements": [
              {
                "actions": [
                  "*"
                ],
                "effect": "allow",
                "not_actions": null,
                "not_resources": null,
                "resources": [
                  "proj/*"
                ]
              }
            ],
            "tags": [
              "fixture-tag"
            ],
            "url": "https://example.invalid/fixture-webhook"
          },
          "sensitive_attributes": [
            [
              {
                "type": "get_attr",
                "value": "secret"
              }
            ]
          ],
          "private": "bnVsbA=="
        }
      ]
    }
  ],
  "check_results": null
}
